// !$*UTF8*$!
{
	archiveVersion = 1;
	classes = {
	};
	objectVersion = 54;
	objects = {

/* Begin PBXBuildFile section */
		1D0AFF642534AC440045D68D /* StatusOptions.Flags.swift in Sources */ = {isa = PBXBuildFile; fileRef = 1D0AFF632534AC440045D68D /* StatusOptions.Flags.swift */; };
		1D2AF3432AACD15A00346C45 /* KnownHosts.swift in Sources */ = {isa = PBXBuildFile; fileRef = 1D2AF3422AACD15A00346C45 /* KnownHosts.swift */; };
		1D2AF3452AACD1F800346C45 /* KnownHostsTests.swift in Sources */ = {isa = PBXBuildFile; fileRef = 1D2AF3442AACD1F800346C45 /* KnownHostsTests.swift */; };
		1D2E4DEF27F9B07700A90463 /* GitDiscard+Test.swift in Sources */ = {isa = PBXBuildFile; fileRef = 1D2E4DEE27F9B07700A90463 /* GitDiscard+Test.swift */; };
		1D496A4225372FA800789177 /* git_strarray.swift in Sources */ = {isa = PBXBuildFile; fileRef = 1D496A4125372FA800789177 /* git_strarray.swift */; };
		1D4BCEF727440F95008831DC /* Git.Index.swift in Sources */ = {isa = PBXBuildFile; fileRef = 1D4BCEF627440F95008831DC /* Git.Index.swift */; };
		1D4C9B5426AD79C600ADBBDE /* Repository+Blob.swift in Sources */ = {isa = PBXBuildFile; fileRef = 1D4C9B5326AD79C600ADBBDE /* Repository+Blob.swift */; };
		1D5ABAE02882264200F9791C /* FileChangesTests.swift in Sources */ = {isa = PBXBuildFile; fileRef = 1D5ABADF2882264200F9791C /* FileChangesTests.swift */; };
		1D5B38A825228C790019E593 /* Repository+Diff.swift in Sources */ = {isa = PBXBuildFile; fileRef = 1D5B38A725228C790019E593 /* Repository+Diff.swift */; };
		1D5E1F422742A34D00498539 /* StatusEntryTests.swift in Sources */ = {isa = PBXBuildFile; fileRef = 1D5E1F412742A34D00498539 /* StatusEntryTests.swift */; };
		1D5E1F472742B31700498539 /* IEntry.swift in Sources */ = {isa = PBXBuildFile; fileRef = 1D5E1F462742B31700498539 /* IEntry.swift */; };
		1D5E1F492742CEF000498539 /* Repository+Entries.swift in Sources */ = {isa = PBXBuildFile; fileRef = 1D5E1F482742CEF000498539 /* Repository+Entries.swift */; };
		1D6C643628319C41003E9072 /* Git.Stash.swift in Sources */ = {isa = PBXBuildFile; fileRef = 1D6C643528319C41003E9072 /* Git.Stash.swift */; };
		1D6C643828319D8F003E9072 /* GitStash+Test.swift in Sources */ = {isa = PBXBuildFile; fileRef = 1D6C643728319D8F003E9072 /* GitStash+Test.swift */; };
		1D6C643B2831B38F003E9072 /* Stash.swift in Sources */ = {isa = PBXBuildFile; fileRef = 1D6C643928319FE1003E9072 /* Stash.swift */; };
		1D6C64412837F72A003E9072 /* Git.Commit.swift in Sources */ = {isa = PBXBuildFile; fileRef = 1D6C643F2837F64D003E9072 /* Git.Commit.swift */; };
		1D6C64432837FAFA003E9072 /* GitCommit+Test.swift in Sources */ = {isa = PBXBuildFile; fileRef = 1D6C64422837FAFA003E9072 /* GitCommit+Test.swift */; };
		1D6EFB2A252BA5A1000D0BE1 /* Tree.swift in Sources */ = {isa = PBXBuildFile; fileRef = 1D6EFB29252BA5A1000D0BE1 /* Tree.swift */; };
		1D764BD8252CD148008417A7 /* Submodule.swift in Sources */ = {isa = PBXBuildFile; fileRef = 1D764BD7252CD148008417A7 /* Submodule.swift */; };
		1D914FB92856799D00034EC1 /* URL_ext.swift in Sources */ = {isa = PBXBuildFile; fileRef = 1D914FB82856799D00034EC1 /* URL_ext.swift */; };
		1D991AE12518FA7900335255 /* Duo.swift in Sources */ = {isa = PBXBuildFile; fileRef = 1D991AE02518FA7900335255 /* Duo.swift */; };
		1D991AE3251934FF00335255 /* Remote.swift in Sources */ = {isa = PBXBuildFile; fileRef = 1D991AE2251934FF00335255 /* Remote.swift */; };
		1DA3413D26B964FC0097E488 /* RevFile.swift in Sources */ = {isa = PBXBuildFile; fileRef = 1DA3413C26B964FC0097E488 /* RevFile.swift */; };
		1DB0F84E24EFFB2D00637B9B /* Repository+Checkout.swift in Sources */ = {isa = PBXBuildFile; fileRef = 1DB0F84D24EFFB2D00637B9B /* Repository+Checkout.swift */; };
		1DB4D5DD28241A0A0080BB6B /* ReferenceTests.swift in Sources */ = {isa = PBXBuildFile; fileRef = 1DB4D5DC28241A0A0080BB6B /* ReferenceTests.swift */; };
		1DB6CBB62856773F00E2244A /* StatusCustomTest.swift in Sources */ = {isa = PBXBuildFile; fileRef = 1DB6CBB52856773F00E2244A /* StatusCustomTest.swift */; };
		1DC744B9289061C9000F8478 /* HistoryFileID.swift in Sources */ = {isa = PBXBuildFile; fileRef = 1DC744B8289061C9000F8478 /* HistoryFileID.swift */; };
		1DC8A54327E1247600860A0F /* Git.Conflicts.swift in Sources */ = {isa = PBXBuildFile; fileRef = 1DC8A54227E1247600860A0F /* Git.Conflicts.swift */; };
		1DD99229276A24540088848F /* StatusDiffTests.swift in Sources */ = {isa = PBXBuildFile; fileRef = 1DD99228276A24530088848F /* StatusDiffTests.swift */; };
		1DDFC0FB261B4DBD00EBBDE9 /* RevisionWalker.swift in Sources */ = {isa = PBXBuildFile; fileRef = 1DDFC0FA261B4DBD00EBBDE9 /* RevisionWalker.swift */; };
		1DEC291127722FB8007C32FF /* StatusEntry.Status.swift in Sources */ = {isa = PBXBuildFile; fileRef = 1DEC291027722FB8007C32FF /* StatusEntry.Status.swift */; };
		1DEC2913277230BF007C32FF /* UiStatusEntryX.swift in Sources */ = {isa = PBXBuildFile; fileRef = 1DEC2912277230BF007C32FF /* UiStatusEntryX.swift */; };
		1DEC291527723308007C32FF /* StatusEntryHunks.swift in Sources */ = {isa = PBXBuildFile; fileRef = 1DEC291427723308007C32FF /* StatusEntryHunks.swift */; };
		1DEC2917277233B0007C32FF /* Duo.StatusEntry+Repo.swift in Sources */ = {isa = PBXBuildFile; fileRef = 1DEC2916277233B0007C32FF /* Duo.StatusEntry+Repo.swift */; };
		232861431F4A3A2E00276D65 /* Diff.swift in Sources */ = {isa = PBXBuildFile; fileRef = 232861421F4A3A2E00276D65 /* Diff.swift */; };
		622726341C84E52500C53D17 /* Credentials.swift in Sources */ = {isa = PBXBuildFile; fileRef = 622726331C84E52500C53D17 /* Credentials.swift */; };
		AA89482F23F1671A0074288B /* Buffer.swift in Sources */ = {isa = PBXBuildFile; fileRef = AA89482E23F1671A0074288B /* Buffer.swift */; };
		BE14AA501A1974010015B439 /* SwiftGit2.m in Sources */ = {isa = PBXBuildFile; fileRef = BE14AA4F1A1974010015B439 /* SwiftGit2.m */; };
		BE276B291ACCD3CF00D6DAD7 /* CheckoutStrategy.swift in Sources */ = {isa = PBXBuildFile; fileRef = BE276B281ACCD3CF00D6DAD7 /* CheckoutStrategy.swift */; };
		BE2E3BE61A31261300C67092 /* Objects.swift in Sources */ = {isa = PBXBuildFile; fileRef = BE2E3BE51A31261300C67092 /* Objects.swift */; };
		BE36354C1A632C9700D37EC8 /* Libgit2.swift in Sources */ = {isa = PBXBuildFile; fileRef = BE36354B1A632C9700D37EC8 /* Libgit2.swift */; };
		BE70B3E51A1ACB1A002C3F4E /* OID.swift in Sources */ = {isa = PBXBuildFile; fileRef = BE70B3E41A1ACB1A002C3F4E /* OID.swift */; };
		BE7A753F1A4A2BCC002DA7E3 /* Pointers.swift in Sources */ = {isa = PBXBuildFile; fileRef = BE7A753E1A4A2BCC002DA7E3 /* Pointers.swift */; };
		BEB31F291A0D6F7A00F525B9 /* SwiftGit2.h in Headers */ = {isa = PBXBuildFile; fileRef = BEB31F281A0D6F7A00F525B9 /* SwiftGit2.h */; settings = {ATTRIBUTES = (Public, ); }; };
		BEB31F9E1A0E595100F525B9 /* libiconv.dylib in Frameworks */ = {isa = PBXBuildFile; fileRef = BEB31F9D1A0E595100F525B9 /* libiconv.dylib */; };
		BEB31FA01A0E595600F525B9 /* libz.dylib in Frameworks */ = {isa = PBXBuildFile; fileRef = BEB31F9F1A0E595600F525B9 /* libz.dylib */; };
		DA5914761A94579000AED74C /* Errors.swift in Sources */ = {isa = PBXBuildFile; fileRef = DA5914751A94579000AED74C /* Errors.swift */; };
		E60364B727DB338100E9D4D0 /* Auth.swift in Sources */ = {isa = PBXBuildFile; fileRef = E60364B627DB338100E9D4D0 /* Auth.swift */; };
		E60B86C928E0FEA4001D6150 /* SubmoduleID.swift in Sources */ = {isa = PBXBuildFile; fileRef = E60B86C828E0FEA4001D6150 /* SubmoduleID.swift */; };
		E60BB75D29302A40006EE309 /* Parsing in Frameworks */ = {isa = PBXBuildFile; productRef = E60BB75C29302A40006EE309 /* Parsing */; };
		E60BB75F293259D1006EE309 /* RepoID.Tree.swift in Sources */ = {isa = PBXBuildFile; fileRef = E60BB75E293259D1006EE309 /* RepoID.Tree.swift */; };
		E6169DF628149496001EB8A6 /* Git.Remotes.swift in Sources */ = {isa = PBXBuildFile; fileRef = E6169DF528149496001EB8A6 /* Git.Remotes.swift */; };
		E61C06E2290C409E0047D243 /* Git.LogCache.swift in Sources */ = {isa = PBXBuildFile; fileRef = E61C06E1290C409E0047D243 /* Git.LogCache.swift */; };
		E61C06E4290C47660047D243 /* CommitID.swift in Sources */ = {isa = PBXBuildFile; fileRef = E61C06E3290C47660047D243 /* CommitID.swift */; };
		E623A308263486A500484E11 /* FetchOptions.swift in Sources */ = {isa = PBXBuildFile; fileRef = E623A307263486A500484E11 /* FetchOptions.swift */; };
		E623A3142634883100484E11 /* CloneOptions.swift in Sources */ = {isa = PBXBuildFile; fileRef = E623A3132634883100484E11 /* CloneOptions.swift */; };
		E623A31F2634885800484E11 /* CheckoutOptions.swift in Sources */ = {isa = PBXBuildFile; fileRef = E623A31E2634885800484E11 /* CheckoutOptions.swift */; };
		E623A35A2634D4AE00484E11 /* RemoteCallbacks.swift in Sources */ = {isa = PBXBuildFile; fileRef = E623A3592634D4AE00484E11 /* RemoteCallbacks.swift */; };
		E6332B9126496F95004990E7 /* SubmoduleUpdateOptions.swift in Sources */ = {isa = PBXBuildFile; fileRef = E6332B9026496F95004990E7 /* SubmoduleUpdateOptions.swift */; };
		E6332C2B264BEFA1004990E7 /* MergeOptions.swift in Sources */ = {isa = PBXBuildFile; fileRef = E6332C2A264BEFA1004990E7 /* MergeOptions.swift */; };
		E6332C35264C24E0004990E7 /* StatusOptions.swift in Sources */ = {isa = PBXBuildFile; fileRef = E6332C34264C24E0004990E7 /* StatusOptions.swift */; };
		E6332CDD264E80FD004990E7 /* DiffOptions.swift in Sources */ = {isa = PBXBuildFile; fileRef = E6332CDC264E80FD004990E7 /* DiffOptions.swift */; };
		E6332D07264EA35D004990E7 /* IndexEntry.swift in Sources */ = {isa = PBXBuildFile; fileRef = E6332D06264EA35D004990E7 /* IndexEntry.swift */; };
		E6332D51264EF48B004990E7 /* Repository+Merge.swift in Sources */ = {isa = PBXBuildFile; fileRef = E6332D50264EF48B004990E7 /* Repository+Merge.swift */; };
		E6332D7326501055004990E7 /* Repository+Pull.swift in Sources */ = {isa = PBXBuildFile; fileRef = E6332D7226501055004990E7 /* Repository+Pull.swift */; };
		E6332DCF265167F0004990E7 /* RepositoryRemoteTests.swift in Sources */ = {isa = PBXBuildFile; fileRef = E6332DCE265167F0004990E7 /* RepositoryRemoteTests.swift */; };
		E6332DD1265167F0004990E7 /* SwiftGit2.framework in Frameworks */ = {isa = PBXBuildFile; fileRef = BEB31F231A0D6F7A00F525B9 /* SwiftGit2.framework */; };
		E6332E082652D20E004990E7 /* GitPayload.swift in Sources */ = {isa = PBXBuildFile; fileRef = E6332E072652D20E004990E7 /* GitPayload.swift */; };
		E6332E0D265302AD004990E7 /* PushOptions.swift in Sources */ = {isa = PBXBuildFile; fileRef = E6332E0C265302AD004990E7 /* PushOptions.swift */; };
		E63965FA2908163100BD4E6F /* Git.Sync.swift in Sources */ = {isa = PBXBuildFile; fileRef = E63965F92908163100BD4E6F /* Git.Sync.swift */; };
		E63AFE4B29D63D0300557908 /* Essentials in Frameworks */ = {isa = PBXBuildFile; productRef = E63AFE4A29D63D0300557908 /* Essentials */; };
		E63AFE4D29D63D0300557908 /* EssentialsTesting in Frameworks */ = {isa = PBXBuildFile; productRef = E63AFE4C29D63D0300557908 /* EssentialsTesting */; };
		E63EDF6C265BC0F200A3D048 /* MergeAnalysisTests.swift in Sources */ = {isa = PBXBuildFile; fileRef = E63EDF6B265BC0F200A3D048 /* MergeAnalysisTests.swift */; };
		E63EDF6E265BC30800A3D048 /* GitTest.swift in Sources */ = {isa = PBXBuildFile; fileRef = E63EDF6D265BC30800A3D048 /* GitTest.swift */; };
		E63EDF70265BF7FD00A3D048 /* Repository+Test.swift in Sources */ = {isa = PBXBuildFile; fileRef = E63EDF6F265BF7FD00A3D048 /* Repository+Test.swift */; };
		E63EDF74265C0A6B00A3D048 /* RepositoryLocalTests.swift in Sources */ = {isa = PBXBuildFile; fileRef = E63EDF73265C0A6B00A3D048 /* RepositoryLocalTests.swift */; };
		E63EDF76265D255500A3D048 /* Repository+HEAD.swift in Sources */ = {isa = PBXBuildFile; fileRef = E63EDF75265D255500A3D048 /* Repository+HEAD.swift */; };
		E63EDF7C265DBAE500A3D048 /* ProxyOptions.swift in Sources */ = {isa = PBXBuildFile; fileRef = E63EDF7B265DBAE500A3D048 /* ProxyOptions.swift */; };
		E63EDF7E265FF5A300A3D048 /* UrlSshHttp.swift in Sources */ = {isa = PBXBuildFile; fileRef = E63EDF7D265FF5A300A3D048 /* UrlSshHttp.swift */; };
		E63EDF80265FF7E100A3D048 /* Repository+Push.swift in Sources */ = {isa = PBXBuildFile; fileRef = E63EDF7F265FF7E100A3D048 /* Repository+Push.swift */; };
		E63EDF8226617ADA00A3D048 /* Repository+Fetch.swift in Sources */ = {isa = PBXBuildFile; fileRef = E63EDF8126617ADA00A3D048 /* Repository+Fetch.swift */; };
		E644ACD628C6984C00BF27A7 /* RebaseOptions.swift in Sources */ = {isa = PBXBuildFile; fileRef = E644ACD528C6984C00BF27A7 /* RebaseOptions.swift */; };
		E644ACD828C6987C00BF27A7 /* Rebase.swift in Sources */ = {isa = PBXBuildFile; fileRef = E644ACD728C6987C00BF27A7 /* Rebase.swift */; };
		E644ACDA28C6C0D300BF27A7 /* RebaseIterator.swift in Sources */ = {isa = PBXBuildFile; fileRef = E644ACD928C6C0D200BF27A7 /* RebaseIterator.swift */; };
		E64F957527E8B91B00E2D5D7 /* Git.Discard.swift in Sources */ = {isa = PBXBuildFile; fileRef = E64F957427E8B91B00E2D5D7 /* Git.Discard.swift */; };
		E653907A23E7328200C08416 /* Diff+Delta.swift in Sources */ = {isa = PBXBuildFile; fileRef = E653907923E7328200C08416 /* Diff+Delta.swift */; };
		E653907C23E73CDE00C08416 /* Patch.swift in Sources */ = {isa = PBXBuildFile; fileRef = E653907B23E73CDE00C08416 /* Patch.swift */; };
		E655E1D62A27B67400D6731F /* ReflogEntry+Kind.swift in Sources */ = {isa = PBXBuildFile; fileRef = E655E1D52A27B67400D6731F /* ReflogEntry+Kind.swift */; };
		E66360DB27BEEC1C001292FB /* RepoID.swift in Sources */ = {isa = PBXBuildFile; fileRef = E66360DA27BEEC1C001292FB /* RepoID.swift */; };
		E66360DF27BF063D001292FB /* RepCore.swift in Sources */ = {isa = PBXBuildFile; fileRef = E66360DE27BF063D001292FB /* RepCore.swift */; };
		E66360E127BF1403001292FB /* RepCoreTests.swift in Sources */ = {isa = PBXBuildFile; fileRef = E66360E027BF1403001292FB /* RepCoreTests.swift */; };
		E6731226292AA0A200606E91 /* TreeStorage.swift in Sources */ = {isa = PBXBuildFile; fileRef = E6731223292AA0A100606E91 /* TreeStorage.swift */; };
		E673122B292AB19D00606E91 /* CacheStorageTests.swift in Sources */ = {isa = PBXBuildFile; fileRef = E673122A292AB19D00606E91 /* CacheStorageTests.swift */; };
		E678EFF62916C5A000B7591C /* RepoID_Tests.swift in Sources */ = {isa = PBXBuildFile; fileRef = E678EFF52916C5A000B7591C /* RepoID_Tests.swift */; };
		E678EFF82916F6B300B7591C /* RepoID+HEAD.swift in Sources */ = {isa = PBXBuildFile; fileRef = E678EFF72916F6B300B7591C /* RepoID+HEAD.swift */; };
		E67D157224EF24A500DA3542 /* Repository+Status.swift in Sources */ = {isa = PBXBuildFile; fileRef = E67D157124EF24A500DA3542 /* Repository+Status.swift */; };
		E67E84D127E52F71009E5B31 /* GitLog.swift in Sources */ = {isa = PBXBuildFile; fileRef = E67E84D027E52F70009E5B31 /* GitLog.swift */; };
		E67E84D327E53C00009E5B31 /* DequeModule in Frameworks */ = {isa = PBXBuildFile; productRef = E67E84D227E53C00009E5B31 /* DequeModule */; };
		E67E84D727E5DAAF009E5B31 /* LogTests.swift in Sources */ = {isa = PBXBuildFile; fileRef = E67E84D627E5DAAF009E5B31 /* LogTests.swift */; };
		E67F462A28AEE5EE0055BA99 /* Git.Stasher.swift in Sources */ = {isa = PBXBuildFile; fileRef = E67F462928AEE5EE0055BA99 /* Git.Stasher.swift */; };
		E68A3ACC2663A26300B0244C /* Branch+Repository.swift in Sources */ = {isa = PBXBuildFile; fileRef = E68A3ACB2663A26300B0244C /* Branch+Repository.swift */; };
		E68A3ACF266534B400B0244C /* Signature.swift in Sources */ = {isa = PBXBuildFile; fileRef = E68A3ACE266534B400B0244C /* Signature.swift */; };
		E68A3AEA2669056300B0244C /* Index+Iterator.swift in Sources */ = {isa = PBXBuildFile; fileRef = E68A3AE92669056300B0244C /* Index+Iterator.swift */; };
		E68C024628B8281A002C0F7D /* StashApplyOptions.swift in Sources */ = {isa = PBXBuildFile; fileRef = E68C024528B8281A002C0F7D /* StashApplyOptions.swift */; };
		E69932042A33C27A009F6B1B /* ReferenceID+rename.swift in Sources */ = {isa = PBXBuildFile; fileRef = E69932032A33C27A009F6B1B /* ReferenceID+rename.swift */; };
		E69D5CEE2573AC8E00AEBA28 /* Repository+Submodules.swift in Sources */ = {isa = PBXBuildFile; fileRef = E69D5CED2573AC8E00AEBA28 /* Repository+Submodules.swift */; };
		E6AA18F927AF815E002AFC33 /* GitModule.swift in Sources */ = {isa = PBXBuildFile; fileRef = E6AA18F827AF815E002AFC33 /* GitModule.swift */; };
		E6AA18FB27AF825C002AFC33 /* ModuleTests.swift in Sources */ = {isa = PBXBuildFile; fileRef = E6AA18FA27AF825C002AFC33 /* ModuleTests.swift */; };
		E6AB53BA2575377B00364E5F /* Blob.swift in Sources */ = {isa = PBXBuildFile; fileRef = E6AB53B92575377B00364E5F /* Blob.swift */; };
		E6ACA42728BAE03500D5CBE1 /* Git.Rebase.swift in Sources */ = {isa = PBXBuildFile; fileRef = E6ACA42628BAE03500D5CBE1 /* Git.Rebase.swift */; };
		E6AF6288269256CD007D0585 /* Repository+Graph.swift in Sources */ = {isa = PBXBuildFile; fileRef = E6AF6287269256CD007D0585 /* Repository+Graph.swift */; };
		E6AF628B26925C6D007D0585 /* PendingCommitsCount.swift in Sources */ = {isa = PBXBuildFile; fileRef = E6AF628A26925C6D007D0585 /* PendingCommitsCount.swift */; };
		E6AF628D26938457007D0585 /* Repository+Sync.swift in Sources */ = {isa = PBXBuildFile; fileRef = E6AF628C26938457007D0585 /* Repository+Sync.swift */; };
		E6AF629026939D31007D0585 /* BranchTarget.swift in Sources */ = {isa = PBXBuildFile; fileRef = E6AF628F26939D31007D0585 /* BranchTarget.swift */; };
		E6AF629226939D65007D0585 /* RemoteTarget.swift in Sources */ = {isa = PBXBuildFile; fileRef = E6AF629126939D65007D0585 /* RemoteTarget.swift */; };
		E6BC323F2913FCBB00E342E2 /* Git.Reference.swift in Sources */ = {isa = PBXBuildFile; fileRef = E6BC323E2913FCBB00E342E2 /* Git.Reference.swift */; };
		E6C03B442A5E05EE006E59D4 /* GitLog+filter.swift in Sources */ = {isa = PBXBuildFile; fileRef = E6C03B432A5E05EE006E59D4 /* GitLog+filter.swift */; };
		E6CFE8A82A2515D100888996 /* Git.Reflog.swift in Sources */ = {isa = PBXBuildFile; fileRef = E6CFE8A72A2515D100888996 /* Git.Reflog.swift */; };
		E6CFE8AA2A25167C00888996 /* GitReflogTests.swift in Sources */ = {isa = PBXBuildFile; fileRef = E6CFE8A92A25167C00888996 /* GitReflogTests.swift */; };
		E6CFE8AD2A25177700888996 /* Reflog.swift in Sources */ = {isa = PBXBuildFile; fileRef = E6CFE8AC2A25177700888996 /* Reflog.swift */; };
		E6CFE8AF2A252B9B00888996 /* ReflogEntry.swift in Sources */ = {isa = PBXBuildFile; fileRef = E6CFE8AE2A252B9B00888996 /* ReflogEntry.swift */; };
		E6CFE8B12A25409E00888996 /* Git.Reflog.Iterator.swift in Sources */ = {isa = PBXBuildFile; fileRef = E6CFE8B02A25409E00888996 /* Git.Reflog.Iterator.swift */; };
		E6D0AC50291310C20087399F /* Git.Tag.swift in Sources */ = {isa = PBXBuildFile; fileRef = E6D0AC4F291310C20087399F /* Git.Tag.swift */; };
		E6D0AC52291315CD0087399F /* GitTagTests.swift in Sources */ = {isa = PBXBuildFile; fileRef = E6D0AC51291315CD0087399F /* GitTagTests.swift */; };
		E6D4A91824DEA8EC00E8041E /* Instance.swift in Sources */ = {isa = PBXBuildFile; fileRef = E6D4A91724DEA8EC00E8041E /* Instance.swift */; };
		E6D4A91A24DEA93E00E8041E /* Commit.swift in Sources */ = {isa = PBXBuildFile; fileRef = E6D4A91924DEA93E00E8041E /* Commit.swift */; };
		E6D4A91C24DEA9AD00E8041E /* Branch.swift in Sources */ = {isa = PBXBuildFile; fileRef = E6D4A91B24DEA9AD00E8041E /* Branch.swift */; };
		E6D4A91E24DEAA3000E8041E /* Reference.swift in Sources */ = {isa = PBXBuildFile; fileRef = E6D4A91D24DEAA3000E8041E /* Reference.swift */; };
		E6D4A92024DEACC000E8041E /* Repository.swift in Sources */ = {isa = PBXBuildFile; fileRef = E6D4A91F24DEACC000E8041E /* Repository.swift */; };
		E6D4A92224DF1B4300E8041E /* Object.swift in Sources */ = {isa = PBXBuildFile; fileRef = E6D4A92124DF1B4300E8041E /* Object.swift */; };
		E6D4A92424DF40CA00E8041E /* Index.swift in Sources */ = {isa = PBXBuildFile; fileRef = E6D4A92324DF40CA00E8041E /* Index.swift */; };
		E6D4A92824DF55E400E8041E /* Reference+Write.swift in Sources */ = {isa = PBXBuildFile; fileRef = E6D4A92724DF55E400E8041E /* Reference+Write.swift */; };
		E6DEC671291581F40076684B /* ReferenceID+.swift in Sources */ = {isa = PBXBuildFile; fileRef = E6DEC670291581F40076684B /* ReferenceID+.swift */; };
		E6E0211F29996EA500697170 /* ExtendedStatus.swift in Sources */ = {isa = PBXBuildFile; fileRef = E6E0211E29996EA500697170 /* ExtendedStatus.swift */; };
		E6E76D69296A0BB2009E745E /* SubmoduleID+Status.swift in Sources */ = {isa = PBXBuildFile; fileRef = E6E76D68296A0BB2009E745E /* SubmoduleID+Status.swift */; };
		E6E99235268BBF5E00F8E8BD /* RevwalkTests.swift in Sources */ = {isa = PBXBuildFile; fileRef = E6E99234268BBF5E00F8E8BD /* RevwalkTests.swift */; };
		E6EAA4A8269F4C2000D86506 /* StatusEntry.swift in Sources */ = {isa = PBXBuildFile; fileRef = E6EAA4A7269F4C2000D86506 /* StatusEntry.swift */; };
		E6EAA4AF269F8B9800D86506 /* Repository+Discard.swift in Sources */ = {isa = PBXBuildFile; fileRef = E6EAA4AE269F8B9800D86506 /* Repository+Discard.swift */; };
		E6ED7AAD289B6CB50021456F /* Git.RefCache.swift in Sources */ = {isa = PBXBuildFile; fileRef = E6ED7AAC289B6CB50021456F /* Git.RefCache.swift */; };
		E6EDE036289088E9008355A0 /* ReferenceID.swift in Sources */ = {isa = PBXBuildFile; fileRef = E6EDE035289088E9008355A0 /* ReferenceID.swift */; };
		E6EEFC8028A0546400E60185 /* ReferenceEx.swift in Sources */ = {isa = PBXBuildFile; fileRef = E6EEFC7F28A0546400E60185 /* ReferenceEx.swift */; };
		E6EEFC8228A146CD00E60185 /* BranchSync.swift in Sources */ = {isa = PBXBuildFile; fileRef = E6EEFC8128A146CC00E60185 /* BranchSync.swift */; };
		E6F0B93829102D19008E2176 /* CommitDeltas.swift in Sources */ = {isa = PBXBuildFile; fileRef = E6F0B93729102D19008E2176 /* CommitDeltas.swift */; };
		E6F0B93A2910318C008E2176 /* Git.CommitBasicInfo.swift in Sources */ = {isa = PBXBuildFile; fileRef = E6F0B9392910318C008E2176 /* Git.CommitBasicInfo.swift */; };
		E6F0B93C29105995008E2176 /* Git.Signature.swift in Sources */ = {isa = PBXBuildFile; fileRef = E6F0B93B29105995008E2176 /* Git.Signature.swift */; };
		E6F10F352B33887A009D9369 /* GitDB.swift in Sources */ = {isa = PBXBuildFile; fileRef = E6F10F342B33887A009D9369 /* GitDB.swift */; };
		E6F10F372B3389A8009D9369 /* XR.Shell.Git.swift in Sources */ = {isa = PBXBuildFile; fileRef = E6F10F362B3389A8009D9369 /* XR.Shell.Git.swift */; };
		E6F10F392B338BE0009D9369 /* GitDBTests.swift in Sources */ = {isa = PBXBuildFile; fileRef = E6F10F382B338BE0009D9369 /* GitDBTests.swift */; };
		E6F10F3B2B3394E4009D9369 /* GitDB.Object.swift in Sources */ = {isa = PBXBuildFile; fileRef = E6F10F3A2B3394E4009D9369 /* GitDB.Object.swift */; };
		E6F10F3D2B339C25009D9369 /* GitDB.Tree.swift in Sources */ = {isa = PBXBuildFile; fileRef = E6F10F3C2B339C25009D9369 /* GitDB.Tree.swift */; };
		E6F10F3F2B33B5A3009D9369 /* Tree+walk.swift in Sources */ = {isa = PBXBuildFile; fileRef = E6F10F3E2B33B5A3009D9369 /* Tree+walk.swift */; };
		E6F1FCFD27D76DA300BE8697 /* RepoID.Unborn.swift in Sources */ = {isa = PBXBuildFile; fileRef = E6F1FCFC27D76DA200BE8697 /* RepoID.Unborn.swift */; };
		E6F29F0027B58ADD00F473A1 /* TestFolder_Ext.swift in Sources */ = {isa = PBXBuildFile; fileRef = E6F29EFF27B58ADD00F473A1 /* TestFolder_Ext.swift */; };
		E6F7D81128C8F1EC00C56452 /* GitRebaseTests.swift in Sources */ = {isa = PBXBuildFile; fileRef = E6F7D81028C8F1EC00C56452 /* GitRebaseTests.swift */; };
		E6FC107627BD94CE002C9CEE /* OrderedCollections in Frameworks */ = {isa = PBXBuildFile; productRef = E6FC107527BD94CE002C9CEE /* OrderedCollections */; };
		E6FF8346292E5BB3007CC5B4 /* GitConfig.swift in Sources */ = {isa = PBXBuildFile; fileRef = E6FF8345292E5BB3007CC5B4 /* GitConfig.swift */; };
		E6FF8348292E613C007CC5B4 /* Config.swift in Sources */ = {isa = PBXBuildFile; fileRef = E6FF8347292E613C007CC5B4 /* Config.swift */; };
		E6FF834A292F9672007CC5B4 /* INI.swift in Sources */ = {isa = PBXBuildFile; fileRef = E6FF8349292F9672007CC5B4 /* INI.swift */; };
/* End PBXBuildFile section */

/* Begin PBXContainerItemProxy section */
		E6332DD2265167F0004990E7 /* PBXContainerItemProxy */ = {
			isa = PBXContainerItemProxy;
			containerPortal = BEB31F1A1A0D6F7A00F525B9 /* Project object */;
			proxyType = 1;
			remoteGlobalIDString = BEB31F221A0D6F7A00F525B9;
			remoteInfo = "SwiftGit2-OSX";
		};
/* End PBXContainerItemProxy section */

/* Begin PBXCopyFilesBuildPhase section */
		E62B73C6268092B400B7D881 /* Embed Frameworks */ = {
			isa = PBXCopyFilesBuildPhase;
			buildActionMask = 2147483647;
			dstPath = "";
			dstSubfolderSpec = 10;
			files = (
			);
			name = "Embed Frameworks";
			runOnlyForDeploymentPostprocessing = 0;
		};
		E6332DF0265179C7004990E7 /* Embed Frameworks */ = {
			isa = PBXCopyFilesBuildPhase;
			buildActionMask = 2147483647;
			dstPath = "";
			dstSubfolderSpec = 10;
			files = (
			);
			name = "Embed Frameworks";
			runOnlyForDeploymentPostprocessing = 0;
		};
/* End PBXCopyFilesBuildPhase section */

/* Begin PBXFileReference section */
		1D0AFF632534AC440045D68D /* StatusOptions.Flags.swift */ = {isa = PBXFileReference; lastKnownFileType = sourcecode.swift; path = StatusOptions.Flags.swift; sourceTree = "<group>"; };
		1D2AF3422AACD15A00346C45 /* KnownHosts.swift */ = {isa = PBXFileReference; lastKnownFileType = sourcecode.swift; path = KnownHosts.swift; sourceTree = "<group>"; };
		1D2AF3442AACD1F800346C45 /* KnownHostsTests.swift */ = {isa = PBXFileReference; lastKnownFileType = sourcecode.swift; path = KnownHostsTests.swift; sourceTree = "<group>"; };
		1D2E4DEE27F9B07700A90463 /* GitDiscard+Test.swift */ = {isa = PBXFileReference; lastKnownFileType = sourcecode.swift; path = "GitDiscard+Test.swift"; sourceTree = "<group>"; };
		1D496A4125372FA800789177 /* git_strarray.swift */ = {isa = PBXFileReference; lastKnownFileType = sourcecode.swift; path = git_strarray.swift; sourceTree = "<group>"; };
		1D4BCEF627440F95008831DC /* Git.Index.swift */ = {isa = PBXFileReference; lastKnownFileType = sourcecode.swift; path = Git.Index.swift; sourceTree = "<group>"; };
		1D4C9B5326AD79C600ADBBDE /* Repository+Blob.swift */ = {isa = PBXFileReference; lastKnownFileType = sourcecode.swift; path = "Repository+Blob.swift"; sourceTree = "<group>"; };
		1D5ABADF2882264200F9791C /* FileChangesTests.swift */ = {isa = PBXFileReference; lastKnownFileType = sourcecode.swift; path = FileChangesTests.swift; sourceTree = "<group>"; };
		1D5B38A725228C790019E593 /* Repository+Diff.swift */ = {isa = PBXFileReference; lastKnownFileType = sourcecode.swift; path = "Repository+Diff.swift"; sourceTree = "<group>"; };
		1D5E1F412742A34D00498539 /* StatusEntryTests.swift */ = {isa = PBXFileReference; lastKnownFileType = sourcecode.swift; path = StatusEntryTests.swift; sourceTree = "<group>"; };
		1D5E1F462742B31700498539 /* IEntry.swift */ = {isa = PBXFileReference; lastKnownFileType = sourcecode.swift; path = IEntry.swift; sourceTree = "<group>"; };
		1D5E1F482742CEF000498539 /* Repository+Entries.swift */ = {isa = PBXFileReference; lastKnownFileType = sourcecode.swift; path = "Repository+Entries.swift"; sourceTree = "<group>"; };
		1D6C643528319C41003E9072 /* Git.Stash.swift */ = {isa = PBXFileReference; lastKnownFileType = sourcecode.swift; path = Git.Stash.swift; sourceTree = "<group>"; };
		1D6C643728319D8F003E9072 /* GitStash+Test.swift */ = {isa = PBXFileReference; lastKnownFileType = sourcecode.swift; path = "GitStash+Test.swift"; sourceTree = "<group>"; };
		1D6C643928319FE1003E9072 /* Stash.swift */ = {isa = PBXFileReference; lastKnownFileType = sourcecode.swift; path = Stash.swift; sourceTree = "<group>"; };
		1D6C643F2837F64D003E9072 /* Git.Commit.swift */ = {isa = PBXFileReference; lastKnownFileType = sourcecode.swift; path = Git.Commit.swift; sourceTree = "<group>"; };
		1D6C64422837FAFA003E9072 /* GitCommit+Test.swift */ = {isa = PBXFileReference; lastKnownFileType = sourcecode.swift; path = "GitCommit+Test.swift"; sourceTree = "<group>"; };
		1D6EFB29252BA5A1000D0BE1 /* Tree.swift */ = {isa = PBXFileReference; lastKnownFileType = sourcecode.swift; path = Tree.swift; sourceTree = "<group>"; };
		1D764BD7252CD148008417A7 /* Submodule.swift */ = {isa = PBXFileReference; lastKnownFileType = sourcecode.swift; path = Submodule.swift; sourceTree = "<group>"; };
		1D914FB82856799D00034EC1 /* URL_ext.swift */ = {isa = PBXFileReference; lastKnownFileType = sourcecode.swift; path = URL_ext.swift; sourceTree = "<group>"; };
		1D991AE02518FA7900335255 /* Duo.swift */ = {isa = PBXFileReference; lastKnownFileType = sourcecode.swift; path = Duo.swift; sourceTree = "<group>"; };
		1D991AE2251934FF00335255 /* Remote.swift */ = {isa = PBXFileReference; lastKnownFileType = sourcecode.swift; path = Remote.swift; sourceTree = "<group>"; };
		1DA3413C26B964FC0097E488 /* RevFile.swift */ = {isa = PBXFileReference; lastKnownFileType = sourcecode.swift; path = RevFile.swift; sourceTree = "<group>"; };
		1DB0F84D24EFFB2D00637B9B /* Repository+Checkout.swift */ = {isa = PBXFileReference; fileEncoding = 4; lastKnownFileType = sourcecode.swift; path = "Repository+Checkout.swift"; sourceTree = "<group>"; };
		1DB4D5DC28241A0A0080BB6B /* ReferenceTests.swift */ = {isa = PBXFileReference; lastKnownFileType = sourcecode.swift; path = ReferenceTests.swift; sourceTree = "<group>"; };
		1DB6CBB52856773F00E2244A /* StatusCustomTest.swift */ = {isa = PBXFileReference; lastKnownFileType = sourcecode.swift; path = StatusCustomTest.swift; sourceTree = "<group>"; };
		1DC744B8289061C9000F8478 /* HistoryFileID.swift */ = {isa = PBXFileReference; lastKnownFileType = sourcecode.swift; path = HistoryFileID.swift; sourceTree = "<group>"; };
		1DC8A54227E1247600860A0F /* Git.Conflicts.swift */ = {isa = PBXFileReference; lastKnownFileType = sourcecode.swift; path = Git.Conflicts.swift; sourceTree = "<group>"; };
		1DD99228276A24530088848F /* StatusDiffTests.swift */ = {isa = PBXFileReference; lastKnownFileType = sourcecode.swift; path = StatusDiffTests.swift; sourceTree = "<group>"; };
		1DDFC0FA261B4DBD00EBBDE9 /* RevisionWalker.swift */ = {isa = PBXFileReference; lastKnownFileType = sourcecode.swift; path = RevisionWalker.swift; sourceTree = "<group>"; };
		1DEC291027722FB8007C32FF /* StatusEntry.Status.swift */ = {isa = PBXFileReference; lastKnownFileType = sourcecode.swift; path = StatusEntry.Status.swift; sourceTree = "<group>"; };
		1DEC2912277230BF007C32FF /* UiStatusEntryX.swift */ = {isa = PBXFileReference; lastKnownFileType = sourcecode.swift; path = UiStatusEntryX.swift; sourceTree = "<group>"; };
		1DEC291427723308007C32FF /* StatusEntryHunks.swift */ = {isa = PBXFileReference; lastKnownFileType = sourcecode.swift; path = StatusEntryHunks.swift; sourceTree = "<group>"; };
		1DEC2916277233B0007C32FF /* Duo.StatusEntry+Repo.swift */ = {isa = PBXFileReference; lastKnownFileType = sourcecode.swift; path = "Duo.StatusEntry+Repo.swift"; sourceTree = "<group>"; };
		232861421F4A3A2E00276D65 /* Diff.swift */ = {isa = PBXFileReference; fileEncoding = 4; lastKnownFileType = sourcecode.swift; path = Diff.swift; sourceTree = "<group>"; };
		621E66FD1C72A5FF00A0F352 /* libiconv.tbd */ = {isa = PBXFileReference; lastKnownFileType = "sourcecode.text-based-dylib-definition"; name = libiconv.tbd; path = Platforms/iPhoneOS.platform/Developer/SDKs/iPhoneOS9.2.sdk/usr/lib/libiconv.tbd; sourceTree = DEVELOPER_DIR; };
		621E66FF1C72A60B00A0F352 /* libz.tbd */ = {isa = PBXFileReference; lastKnownFileType = "sourcecode.text-based-dylib-definition"; name = libz.tbd; path = Platforms/iPhoneOS.platform/Developer/SDKs/iPhoneOS9.2.sdk/usr/lib/libz.tbd; sourceTree = DEVELOPER_DIR; };
		622726331C84E52500C53D17 /* Credentials.swift */ = {isa = PBXFileReference; fileEncoding = 4; lastKnownFileType = sourcecode.swift; path = Credentials.swift; sourceTree = "<group>"; };
		AA89482E23F1671A0074288B /* Buffer.swift */ = {isa = PBXFileReference; lastKnownFileType = sourcecode.swift; path = Buffer.swift; sourceTree = "<group>"; };
		BE14AA4F1A1974010015B439 /* SwiftGit2.m */ = {isa = PBXFileReference; fileEncoding = 4; lastKnownFileType = sourcecode.c.objc; path = SwiftGit2.m; sourceTree = "<group>"; };
		BE276B281ACCD3CF00D6DAD7 /* CheckoutStrategy.swift */ = {isa = PBXFileReference; fileEncoding = 4; lastKnownFileType = sourcecode.swift; path = CheckoutStrategy.swift; sourceTree = "<group>"; };
		BE2E3BE51A31261300C67092 /* Objects.swift */ = {isa = PBXFileReference; fileEncoding = 4; lastKnownFileType = sourcecode.swift; path = Objects.swift; sourceTree = "<group>"; };
		BE36354B1A632C9700D37EC8 /* Libgit2.swift */ = {isa = PBXFileReference; fileEncoding = 4; lastKnownFileType = sourcecode.swift; path = Libgit2.swift; sourceTree = "<group>"; };
		BE70B3E41A1ACB1A002C3F4E /* OID.swift */ = {isa = PBXFileReference; fileEncoding = 4; lastKnownFileType = sourcecode.swift; path = OID.swift; sourceTree = "<group>"; };
		BE7A753E1A4A2BCC002DA7E3 /* Pointers.swift */ = {isa = PBXFileReference; fileEncoding = 4; lastKnownFileType = sourcecode.swift; path = Pointers.swift; sourceTree = "<group>"; };
		BEB31F231A0D6F7A00F525B9 /* SwiftGit2.framework */ = {isa = PBXFileReference; explicitFileType = wrapper.framework; includeInIndex = 0; path = SwiftGit2.framework; sourceTree = BUILT_PRODUCTS_DIR; };
		BEB31F271A0D6F7A00F525B9 /* Info.plist */ = {isa = PBXFileReference; lastKnownFileType = text.plist.xml; path = Info.plist; sourceTree = "<group>"; };
		BEB31F281A0D6F7A00F525B9 /* SwiftGit2.h */ = {isa = PBXFileReference; lastKnownFileType = sourcecode.c.h; path = SwiftGit2.h; sourceTree = "<group>"; };
		BEB31F431A0D75EE00F525B9 /* Common.xcconfig */ = {isa = PBXFileReference; fileEncoding = 4; lastKnownFileType = text.xcconfig; path = Common.xcconfig; sourceTree = "<group>"; };
		BEB31F451A0D75EE00F525B9 /* Debug.xcconfig */ = {isa = PBXFileReference; fileEncoding = 4; lastKnownFileType = text.xcconfig; path = Debug.xcconfig; sourceTree = "<group>"; };
		BEB31F461A0D75EE00F525B9 /* Profile.xcconfig */ = {isa = PBXFileReference; fileEncoding = 4; lastKnownFileType = text.xcconfig; path = Profile.xcconfig; sourceTree = "<group>"; };
		BEB31F471A0D75EE00F525B9 /* Release.xcconfig */ = {isa = PBXFileReference; fileEncoding = 4; lastKnownFileType = text.xcconfig; path = Release.xcconfig; sourceTree = "<group>"; };
		BEB31F481A0D75EE00F525B9 /* Test.xcconfig */ = {isa = PBXFileReference; fileEncoding = 4; lastKnownFileType = text.xcconfig; path = Test.xcconfig; sourceTree = "<group>"; };
		BEB31F4A1A0D75EE00F525B9 /* Application.xcconfig */ = {isa = PBXFileReference; fileEncoding = 4; lastKnownFileType = text.xcconfig; path = Application.xcconfig; sourceTree = "<group>"; };
		BEB31F4B1A0D75EE00F525B9 /* Framework.xcconfig */ = {isa = PBXFileReference; fileEncoding = 4; lastKnownFileType = text.xcconfig; path = Framework.xcconfig; sourceTree = "<group>"; };
		BEB31F4C1A0D75EE00F525B9 /* StaticLibrary.xcconfig */ = {isa = PBXFileReference; fileEncoding = 4; lastKnownFileType = text.xcconfig; path = StaticLibrary.xcconfig; sourceTree = "<group>"; };
		BEB31F4E1A0D75EE00F525B9 /* iOS-Application.xcconfig */ = {isa = PBXFileReference; fileEncoding = 4; lastKnownFileType = text.xcconfig; path = "iOS-Application.xcconfig"; sourceTree = "<group>"; };
		BEB31F4F1A0D75EE00F525B9 /* iOS-Base.xcconfig */ = {isa = PBXFileReference; fileEncoding = 4; lastKnownFileType = text.xcconfig; path = "iOS-Base.xcconfig"; sourceTree = "<group>"; };
		BEB31F501A0D75EE00F525B9 /* iOS-Framework.xcconfig */ = {isa = PBXFileReference; fileEncoding = 4; lastKnownFileType = text.xcconfig; path = "iOS-Framework.xcconfig"; sourceTree = "<group>"; };
		BEB31F511A0D75EE00F525B9 /* iOS-StaticLibrary.xcconfig */ = {isa = PBXFileReference; fileEncoding = 4; lastKnownFileType = text.xcconfig; path = "iOS-StaticLibrary.xcconfig"; sourceTree = "<group>"; };
		BEB31F531A0D75EE00F525B9 /* macOS-Application.xcconfig */ = {isa = PBXFileReference; fileEncoding = 4; lastKnownFileType = text.xcconfig; path = "macOS-Application.xcconfig"; sourceTree = "<group>"; };
		BEB31F541A0D75EE00F525B9 /* macOS-Base.xcconfig */ = {isa = PBXFileReference; fileEncoding = 4; lastKnownFileType = text.xcconfig; path = "macOS-Base.xcconfig"; sourceTree = "<group>"; };
		BEB31F551A0D75EE00F525B9 /* macOS-DynamicLibrary.xcconfig */ = {isa = PBXFileReference; fileEncoding = 4; lastKnownFileType = text.xcconfig; path = "macOS-DynamicLibrary.xcconfig"; sourceTree = "<group>"; };
		BEB31F561A0D75EE00F525B9 /* macOS-Framework.xcconfig */ = {isa = PBXFileReference; fileEncoding = 4; lastKnownFileType = text.xcconfig; path = "macOS-Framework.xcconfig"; sourceTree = "<group>"; };
		BEB31F571A0D75EE00F525B9 /* macOS-StaticLibrary.xcconfig */ = {isa = PBXFileReference; fileEncoding = 4; lastKnownFileType = text.xcconfig; path = "macOS-StaticLibrary.xcconfig"; sourceTree = "<group>"; };
		BEB31F581A0D75EE00F525B9 /* README.md */ = {isa = PBXFileReference; fileEncoding = 4; lastKnownFileType = net.daringfireball.markdown; path = README.md; sourceTree = "<group>"; };
		BEB31F9D1A0E595100F525B9 /* libiconv.dylib */ = {isa = PBXFileReference; lastKnownFileType = "compiled.mach-o.dylib"; name = libiconv.dylib; path = usr/lib/libiconv.dylib; sourceTree = SDKROOT; };
		BEB31F9F1A0E595600F525B9 /* libz.dylib */ = {isa = PBXFileReference; lastKnownFileType = "compiled.mach-o.dylib"; name = libz.dylib; path = usr/lib/libz.dylib; sourceTree = SDKROOT; };
		DA5914751A94579000AED74C /* Errors.swift */ = {isa = PBXFileReference; fileEncoding = 4; lastKnownFileType = sourcecode.swift; path = Errors.swift; sourceTree = "<group>"; };
		E60364B627DB338100E9D4D0 /* Auth.swift */ = {isa = PBXFileReference; lastKnownFileType = sourcecode.swift; path = Auth.swift; sourceTree = "<group>"; };
		E60B86C828E0FEA4001D6150 /* SubmoduleID.swift */ = {isa = PBXFileReference; lastKnownFileType = sourcecode.swift; path = SubmoduleID.swift; sourceTree = "<group>"; };
		E60BB75E293259D1006EE309 /* RepoID.Tree.swift */ = {isa = PBXFileReference; lastKnownFileType = sourcecode.swift; path = RepoID.Tree.swift; sourceTree = "<group>"; };
		E6169DF528149496001EB8A6 /* Git.Remotes.swift */ = {isa = PBXFileReference; lastKnownFileType = sourcecode.swift; path = Git.Remotes.swift; sourceTree = "<group>"; };
		E61C06E1290C409E0047D243 /* Git.LogCache.swift */ = {isa = PBXFileReference; lastKnownFileType = sourcecode.swift; path = Git.LogCache.swift; sourceTree = "<group>"; };
		E61C06E3290C47660047D243 /* CommitID.swift */ = {isa = PBXFileReference; lastKnownFileType = sourcecode.swift; path = CommitID.swift; sourceTree = "<group>"; };
		E623A307263486A500484E11 /* FetchOptions.swift */ = {isa = PBXFileReference; lastKnownFileType = sourcecode.swift; path = FetchOptions.swift; sourceTree = "<group>"; };
		E623A3132634883100484E11 /* CloneOptions.swift */ = {isa = PBXFileReference; fileEncoding = 4; lastKnownFileType = sourcecode.swift; path = CloneOptions.swift; sourceTree = "<group>"; usesTabs = 0; };
		E623A31E2634885800484E11 /* CheckoutOptions.swift */ = {isa = PBXFileReference; lastKnownFileType = sourcecode.swift; path = CheckoutOptions.swift; sourceTree = "<group>"; usesTabs = 0; };
		E623A3592634D4AE00484E11 /* RemoteCallbacks.swift */ = {isa = PBXFileReference; lastKnownFileType = sourcecode.swift; path = RemoteCallbacks.swift; sourceTree = "<group>"; usesTabs = 0; };
		E6332B9026496F95004990E7 /* SubmoduleUpdateOptions.swift */ = {isa = PBXFileReference; lastKnownFileType = sourcecode.swift; path = SubmoduleUpdateOptions.swift; sourceTree = "<group>"; };
		E6332C2A264BEFA1004990E7 /* MergeOptions.swift */ = {isa = PBXFileReference; lastKnownFileType = sourcecode.swift; path = MergeOptions.swift; sourceTree = "<group>"; };
		E6332C34264C24E0004990E7 /* StatusOptions.swift */ = {isa = PBXFileReference; lastKnownFileType = sourcecode.swift; path = StatusOptions.swift; sourceTree = "<group>"; };
		E6332CDC264E80FD004990E7 /* DiffOptions.swift */ = {isa = PBXFileReference; lastKnownFileType = sourcecode.swift; path = DiffOptions.swift; sourceTree = "<group>"; };
		E6332D06264EA35D004990E7 /* IndexEntry.swift */ = {isa = PBXFileReference; lastKnownFileType = sourcecode.swift; path = IndexEntry.swift; sourceTree = "<group>"; };
		E6332D50264EF48B004990E7 /* Repository+Merge.swift */ = {isa = PBXFileReference; lastKnownFileType = sourcecode.swift; path = "Repository+Merge.swift"; sourceTree = "<group>"; };
		E6332D7226501055004990E7 /* Repository+Pull.swift */ = {isa = PBXFileReference; lastKnownFileType = sourcecode.swift; path = "Repository+Pull.swift"; sourceTree = "<group>"; usesTabs = 0; };
		E6332DCC265167F0004990E7 /* SwiftGit2Tests.xctest */ = {isa = PBXFileReference; explicitFileType = wrapper.cfbundle; includeInIndex = 0; path = SwiftGit2Tests.xctest; sourceTree = BUILT_PRODUCTS_DIR; };
		E6332DCE265167F0004990E7 /* RepositoryRemoteTests.swift */ = {isa = PBXFileReference; lastKnownFileType = sourcecode.swift; path = RepositoryRemoteTests.swift; sourceTree = "<group>"; usesTabs = 0; };
		E6332DD0265167F0004990E7 /* Info.plist */ = {isa = PBXFileReference; lastKnownFileType = text.plist.xml; path = Info.plist; sourceTree = "<group>"; };
		E6332E072652D20E004990E7 /* GitPayload.swift */ = {isa = PBXFileReference; lastKnownFileType = sourcecode.swift; path = GitPayload.swift; sourceTree = "<group>"; };
		E6332E0C265302AD004990E7 /* PushOptions.swift */ = {isa = PBXFileReference; fileEncoding = 4; lastKnownFileType = sourcecode.swift; path = PushOptions.swift; sourceTree = "<group>"; usesTabs = 0; };
		E63965F92908163100BD4E6F /* Git.Sync.swift */ = {isa = PBXFileReference; lastKnownFileType = sourcecode.swift; path = Git.Sync.swift; sourceTree = "<group>"; };
		E63EDF6B265BC0F200A3D048 /* MergeAnalysisTests.swift */ = {isa = PBXFileReference; lastKnownFileType = sourcecode.swift; path = MergeAnalysisTests.swift; sourceTree = "<group>"; };
		E63EDF6D265BC30800A3D048 /* GitTest.swift */ = {isa = PBXFileReference; lastKnownFileType = sourcecode.swift; path = GitTest.swift; sourceTree = "<group>"; };
		E63EDF6F265BF7FD00A3D048 /* Repository+Test.swift */ = {isa = PBXFileReference; lastKnownFileType = sourcecode.swift; path = "Repository+Test.swift"; sourceTree = "<group>"; };
		E63EDF73265C0A6B00A3D048 /* RepositoryLocalTests.swift */ = {isa = PBXFileReference; lastKnownFileType = sourcecode.swift; path = RepositoryLocalTests.swift; sourceTree = "<group>"; usesTabs = 0; };
		E63EDF75265D255500A3D048 /* Repository+HEAD.swift */ = {isa = PBXFileReference; lastKnownFileType = sourcecode.swift; path = "Repository+HEAD.swift"; sourceTree = "<group>"; usesTabs = 0; };
		E63EDF7B265DBAE500A3D048 /* ProxyOptions.swift */ = {isa = PBXFileReference; lastKnownFileType = sourcecode.swift; path = ProxyOptions.swift; sourceTree = "<group>"; usesTabs = 0; };
		E63EDF7D265FF5A300A3D048 /* UrlSshHttp.swift */ = {isa = PBXFileReference; lastKnownFileType = sourcecode.swift; path = UrlSshHttp.swift; sourceTree = "<group>"; };
		E63EDF7F265FF7E100A3D048 /* Repository+Push.swift */ = {isa = PBXFileReference; lastKnownFileType = sourcecode.swift; path = "Repository+Push.swift"; sourceTree = "<group>"; };
		E63EDF8126617ADA00A3D048 /* Repository+Fetch.swift */ = {isa = PBXFileReference; lastKnownFileType = sourcecode.swift; path = "Repository+Fetch.swift"; sourceTree = "<group>"; };
		E644ACD528C6984C00BF27A7 /* RebaseOptions.swift */ = {isa = PBXFileReference; lastKnownFileType = sourcecode.swift; path = RebaseOptions.swift; sourceTree = "<group>"; };
		E644ACD728C6987C00BF27A7 /* Rebase.swift */ = {isa = PBXFileReference; lastKnownFileType = sourcecode.swift; path = Rebase.swift; sourceTree = "<group>"; };
		E644ACD928C6C0D200BF27A7 /* RebaseIterator.swift */ = {isa = PBXFileReference; lastKnownFileType = sourcecode.swift; path = RebaseIterator.swift; sourceTree = "<group>"; };
		E64F957427E8B91B00E2D5D7 /* Git.Discard.swift */ = {isa = PBXFileReference; lastKnownFileType = sourcecode.swift; path = Git.Discard.swift; sourceTree = "<group>"; };
		E653907923E7328200C08416 /* Diff+Delta.swift */ = {isa = PBXFileReference; lastKnownFileType = sourcecode.swift; path = "Diff+Delta.swift"; sourceTree = "<group>"; };
		E653907B23E73CDE00C08416 /* Patch.swift */ = {isa = PBXFileReference; lastKnownFileType = sourcecode.swift; path = Patch.swift; sourceTree = "<group>"; };
		E655E1D52A27B67400D6731F /* ReflogEntry+Kind.swift */ = {isa = PBXFileReference; lastKnownFileType = sourcecode.swift; path = "ReflogEntry+Kind.swift"; sourceTree = "<group>"; };
		E66360DA27BEEC1C001292FB /* RepoID.swift */ = {isa = PBXFileReference; lastKnownFileType = sourcecode.swift; path = RepoID.swift; sourceTree = "<group>"; };
		E66360DE27BF063D001292FB /* RepCore.swift */ = {isa = PBXFileReference; lastKnownFileType = sourcecode.swift; path = RepCore.swift; sourceTree = "<group>"; };
		E66360E027BF1403001292FB /* RepCoreTests.swift */ = {isa = PBXFileReference; lastKnownFileType = sourcecode.swift; path = RepCoreTests.swift; sourceTree = "<group>"; };
		E6731223292AA0A100606E91 /* TreeStorage.swift */ = {isa = PBXFileReference; fileEncoding = 4; lastKnownFileType = sourcecode.swift; path = TreeStorage.swift; sourceTree = "<group>"; };
		E673122A292AB19D00606E91 /* CacheStorageTests.swift */ = {isa = PBXFileReference; lastKnownFileType = sourcecode.swift; path = CacheStorageTests.swift; sourceTree = "<group>"; };
		E678EFF52916C5A000B7591C /* RepoID_Tests.swift */ = {isa = PBXFileReference; lastKnownFileType = sourcecode.swift; path = RepoID_Tests.swift; sourceTree = "<group>"; };
		E678EFF72916F6B300B7591C /* RepoID+HEAD.swift */ = {isa = PBXFileReference; lastKnownFileType = sourcecode.swift; path = "RepoID+HEAD.swift"; sourceTree = "<group>"; };
		E67D157124EF24A500DA3542 /* Repository+Status.swift */ = {isa = PBXFileReference; lastKnownFileType = sourcecode.swift; path = "Repository+Status.swift"; sourceTree = "<group>"; };
		E67E84D027E52F70009E5B31 /* GitLog.swift */ = {isa = PBXFileReference; lastKnownFileType = sourcecode.swift; path = GitLog.swift; sourceTree = "<group>"; };
		E67E84D627E5DAAF009E5B31 /* LogTests.swift */ = {isa = PBXFileReference; lastKnownFileType = sourcecode.swift; path = LogTests.swift; sourceTree = "<group>"; };
		E67F462928AEE5EE0055BA99 /* Git.Stasher.swift */ = {isa = PBXFileReference; lastKnownFileType = sourcecode.swift; path = Git.Stasher.swift; sourceTree = "<group>"; };
		E68A3ACB2663A26300B0244C /* Branch+Repository.swift */ = {isa = PBXFileReference; lastKnownFileType = sourcecode.swift; path = "Branch+Repository.swift"; sourceTree = "<group>"; };
		E68A3ACE266534B400B0244C /* Signature.swift */ = {isa = PBXFileReference; lastKnownFileType = sourcecode.swift; path = Signature.swift; sourceTree = "<group>"; };
		E68A3AD126658A9E00B0244C /* SwiftGit2-OSX.xctestplan */ = {isa = PBXFileReference; lastKnownFileType = text; path = "SwiftGit2-OSX.xctestplan"; sourceTree = "<group>"; };
		E68A3AE92669056300B0244C /* Index+Iterator.swift */ = {isa = PBXFileReference; lastKnownFileType = sourcecode.swift; path = "Index+Iterator.swift"; sourceTree = "<group>"; };
		E68C024528B8281A002C0F7D /* StashApplyOptions.swift */ = {isa = PBXFileReference; lastKnownFileType = sourcecode.swift; path = StashApplyOptions.swift; sourceTree = "<group>"; };
		E69932032A33C27A009F6B1B /* ReferenceID+rename.swift */ = {isa = PBXFileReference; lastKnownFileType = sourcecode.swift; path = "ReferenceID+rename.swift"; sourceTree = "<group>"; };
		E69D5CED2573AC8E00AEBA28 /* Repository+Submodules.swift */ = {isa = PBXFileReference; lastKnownFileType = sourcecode.swift; path = "Repository+Submodules.swift"; sourceTree = "<group>"; };
		E6AA18F827AF815E002AFC33 /* GitModule.swift */ = {isa = PBXFileReference; lastKnownFileType = sourcecode.swift; path = GitModule.swift; sourceTree = "<group>"; };
		E6AA18FA27AF825C002AFC33 /* ModuleTests.swift */ = {isa = PBXFileReference; lastKnownFileType = sourcecode.swift; path = ModuleTests.swift; sourceTree = "<group>"; };
		E6AB53B92575377B00364E5F /* Blob.swift */ = {isa = PBXFileReference; lastKnownFileType = sourcecode.swift; path = Blob.swift; sourceTree = "<group>"; };
		E6ACA42628BAE03500D5CBE1 /* Git.Rebase.swift */ = {isa = PBXFileReference; lastKnownFileType = sourcecode.swift; path = Git.Rebase.swift; sourceTree = "<group>"; };
		E6AF6287269256CD007D0585 /* Repository+Graph.swift */ = {isa = PBXFileReference; lastKnownFileType = sourcecode.swift; path = "Repository+Graph.swift"; sourceTree = "<group>"; };
		E6AF628A26925C6D007D0585 /* PendingCommitsCount.swift */ = {isa = PBXFileReference; lastKnownFileType = sourcecode.swift; path = PendingCommitsCount.swift; sourceTree = "<group>"; };
		E6AF628C26938457007D0585 /* Repository+Sync.swift */ = {isa = PBXFileReference; lastKnownFileType = sourcecode.swift; path = "Repository+Sync.swift"; sourceTree = "<group>"; };
		E6AF628F26939D31007D0585 /* BranchTarget.swift */ = {isa = PBXFileReference; lastKnownFileType = sourcecode.swift; path = BranchTarget.swift; sourceTree = "<group>"; };
		E6AF629126939D65007D0585 /* RemoteTarget.swift */ = {isa = PBXFileReference; lastKnownFileType = sourcecode.swift; path = RemoteTarget.swift; sourceTree = "<group>"; };
		E6BC323E2913FCBB00E342E2 /* Git.Reference.swift */ = {isa = PBXFileReference; lastKnownFileType = sourcecode.swift; path = Git.Reference.swift; sourceTree = "<group>"; };
		E6C03B432A5E05EE006E59D4 /* GitLog+filter.swift */ = {isa = PBXFileReference; lastKnownFileType = sourcecode.swift; path = "GitLog+filter.swift"; sourceTree = "<group>"; };
		E6CFE8A72A2515D100888996 /* Git.Reflog.swift */ = {isa = PBXFileReference; lastKnownFileType = sourcecode.swift; path = Git.Reflog.swift; sourceTree = "<group>"; };
		E6CFE8A92A25167C00888996 /* GitReflogTests.swift */ = {isa = PBXFileReference; lastKnownFileType = sourcecode.swift; path = GitReflogTests.swift; sourceTree = "<group>"; };
		E6CFE8AC2A25177700888996 /* Reflog.swift */ = {isa = PBXFileReference; lastKnownFileType = sourcecode.swift; path = Reflog.swift; sourceTree = "<group>"; };
		E6CFE8AE2A252B9B00888996 /* ReflogEntry.swift */ = {isa = PBXFileReference; lastKnownFileType = sourcecode.swift; path = ReflogEntry.swift; sourceTree = "<group>"; };
		E6CFE8B02A25409E00888996 /* Git.Reflog.Iterator.swift */ = {isa = PBXFileReference; lastKnownFileType = sourcecode.swift; path = Git.Reflog.Iterator.swift; sourceTree = "<group>"; };
		E6D0AC4F291310C20087399F /* Git.Tag.swift */ = {isa = PBXFileReference; lastKnownFileType = sourcecode.swift; path = Git.Tag.swift; sourceTree = "<group>"; };
		E6D0AC51291315CD0087399F /* GitTagTests.swift */ = {isa = PBXFileReference; lastKnownFileType = sourcecode.swift; path = GitTagTests.swift; sourceTree = "<group>"; };
		E6D4A91724DEA8EC00E8041E /* Instance.swift */ = {isa = PBXFileReference; lastKnownFileType = sourcecode.swift; path = Instance.swift; sourceTree = "<group>"; };
		E6D4A91924DEA93E00E8041E /* Commit.swift */ = {isa = PBXFileReference; lastKnownFileType = sourcecode.swift; path = Commit.swift; sourceTree = "<group>"; };
		E6D4A91B24DEA9AD00E8041E /* Branch.swift */ = {isa = PBXFileReference; lastKnownFileType = sourcecode.swift; path = Branch.swift; sourceTree = "<group>"; };
		E6D4A91D24DEAA3000E8041E /* Reference.swift */ = {isa = PBXFileReference; lastKnownFileType = sourcecode.swift; path = Reference.swift; sourceTree = "<group>"; };
		E6D4A91F24DEACC000E8041E /* Repository.swift */ = {isa = PBXFileReference; lastKnownFileType = sourcecode.swift; path = Repository.swift; sourceTree = "<group>"; usesTabs = 0; };
		E6D4A92124DF1B4300E8041E /* Object.swift */ = {isa = PBXFileReference; lastKnownFileType = sourcecode.swift; path = Object.swift; sourceTree = "<group>"; };
		E6D4A92324DF40CA00E8041E /* Index.swift */ = {isa = PBXFileReference; lastKnownFileType = sourcecode.swift; path = Index.swift; sourceTree = "<group>"; };
		E6D4A92724DF55E400E8041E /* Reference+Write.swift */ = {isa = PBXFileReference; lastKnownFileType = sourcecode.swift; path = "Reference+Write.swift"; sourceTree = "<group>"; };
		E6DEC670291581F40076684B /* ReferenceID+.swift */ = {isa = PBXFileReference; lastKnownFileType = sourcecode.swift; path = "ReferenceID+.swift"; sourceTree = "<group>"; };
		E6E0211E29996EA500697170 /* ExtendedStatus.swift */ = {isa = PBXFileReference; lastKnownFileType = sourcecode.swift; path = ExtendedStatus.swift; sourceTree = "<group>"; };
		E6E76D68296A0BB2009E745E /* SubmoduleID+Status.swift */ = {isa = PBXFileReference; lastKnownFileType = sourcecode.swift; path = "SubmoduleID+Status.swift"; sourceTree = "<group>"; };
		E6E99234268BBF5E00F8E8BD /* RevwalkTests.swift */ = {isa = PBXFileReference; lastKnownFileType = sourcecode.swift; path = RevwalkTests.swift; sourceTree = "<group>"; };
		E6EAA4A7269F4C2000D86506 /* StatusEntry.swift */ = {isa = PBXFileReference; lastKnownFileType = sourcecode.swift; path = StatusEntry.swift; sourceTree = "<group>"; };
		E6EAA4AE269F8B9800D86506 /* Repository+Discard.swift */ = {isa = PBXFileReference; lastKnownFileType = sourcecode.swift; path = "Repository+Discard.swift"; sourceTree = "<group>"; };
		E6ED7AAC289B6CB50021456F /* Git.RefCache.swift */ = {isa = PBXFileReference; lastKnownFileType = sourcecode.swift; path = Git.RefCache.swift; sourceTree = "<group>"; };
		E6EDE035289088E9008355A0 /* ReferenceID.swift */ = {isa = PBXFileReference; lastKnownFileType = sourcecode.swift; path = ReferenceID.swift; sourceTree = "<group>"; };
		E6EEFC7F28A0546400E60185 /* ReferenceEx.swift */ = {isa = PBXFileReference; lastKnownFileType = sourcecode.swift; path = ReferenceEx.swift; sourceTree = "<group>"; };
		E6EEFC8128A146CC00E60185 /* BranchSync.swift */ = {isa = PBXFileReference; lastKnownFileType = sourcecode.swift; path = BranchSync.swift; sourceTree = "<group>"; };
		E6F0B93729102D19008E2176 /* CommitDeltas.swift */ = {isa = PBXFileReference; lastKnownFileType = sourcecode.swift; path = CommitDeltas.swift; sourceTree = "<group>"; };
		E6F0B9392910318C008E2176 /* Git.CommitBasicInfo.swift */ = {isa = PBXFileReference; lastKnownFileType = sourcecode.swift; path = Git.CommitBasicInfo.swift; sourceTree = "<group>"; };
		E6F0B93B29105995008E2176 /* Git.Signature.swift */ = {isa = PBXFileReference; lastKnownFileType = sourcecode.swift; path = Git.Signature.swift; sourceTree = "<group>"; };
		E6F10F342B33887A009D9369 /* GitDB.swift */ = {isa = PBXFileReference; lastKnownFileType = sourcecode.swift; path = GitDB.swift; sourceTree = "<group>"; };
		E6F10F362B3389A8009D9369 /* XR.Shell.Git.swift */ = {isa = PBXFileReference; fileEncoding = 4; lastKnownFileType = sourcecode.swift; path = XR.Shell.Git.swift; sourceTree = "<group>"; };
		E6F10F382B338BE0009D9369 /* GitDBTests.swift */ = {isa = PBXFileReference; lastKnownFileType = sourcecode.swift; path = GitDBTests.swift; sourceTree = "<group>"; };
		E6F10F3A2B3394E4009D9369 /* GitDB.Object.swift */ = {isa = PBXFileReference; lastKnownFileType = sourcecode.swift; path = GitDB.Object.swift; sourceTree = "<group>"; };
		E6F10F3C2B339C25009D9369 /* GitDB.Tree.swift */ = {isa = PBXFileReference; lastKnownFileType = sourcecode.swift; path = GitDB.Tree.swift; sourceTree = "<group>"; };
		E6F10F3E2B33B5A3009D9369 /* Tree+walk.swift */ = {isa = PBXFileReference; lastKnownFileType = sourcecode.swift; path = "Tree+walk.swift"; sourceTree = "<group>"; };
		E6F1FCFC27D76DA200BE8697 /* RepoID.Unborn.swift */ = {isa = PBXFileReference; lastKnownFileType = sourcecode.swift; path = RepoID.Unborn.swift; sourceTree = "<group>"; };
		E6F29EFF27B58ADD00F473A1 /* TestFolder_Ext.swift */ = {isa = PBXFileReference; lastKnownFileType = sourcecode.swift; path = TestFolder_Ext.swift; sourceTree = "<group>"; };
		E6F7D81028C8F1EC00C56452 /* GitRebaseTests.swift */ = {isa = PBXFileReference; lastKnownFileType = sourcecode.swift; path = GitRebaseTests.swift; sourceTree = "<group>"; };
		E6FF8345292E5BB3007CC5B4 /* GitConfig.swift */ = {isa = PBXFileReference; lastKnownFileType = sourcecode.swift; path = GitConfig.swift; sourceTree = "<group>"; };
		E6FF8347292E613C007CC5B4 /* Config.swift */ = {isa = PBXFileReference; lastKnownFileType = sourcecode.swift; path = Config.swift; sourceTree = "<group>"; };
		E6FF8349292F9672007CC5B4 /* INI.swift */ = {isa = PBXFileReference; lastKnownFileType = sourcecode.swift; path = INI.swift; sourceTree = "<group>"; };
/* End PBXFileReference section */

/* Begin PBXFrameworksBuildPhase section */
		BEB31F1F1A0D6F7A00F525B9 /* Frameworks */ = {
			isa = PBXFrameworksBuildPhase;
			buildActionMask = 2147483647;
			files = (
				BEB31FA01A0E595600F525B9 /* libz.dylib in Frameworks */,
				E67E84D327E53C00009E5B31 /* DequeModule in Frameworks */,
				E60BB75D29302A40006EE309 /* Parsing in Frameworks */,
				E63AFE4B29D63D0300557908 /* Essentials in Frameworks */,
				E6FC107627BD94CE002C9CEE /* OrderedCollections in Frameworks */,
				BEB31F9E1A0E595100F525B9 /* libiconv.dylib in Frameworks */,
			);
			runOnlyForDeploymentPostprocessing = 0;
		};
		E6332DC9265167F0004990E7 /* Frameworks */ = {
			isa = PBXFrameworksBuildPhase;
			buildActionMask = 2147483647;
			files = (
				E63AFE4D29D63D0300557908 /* EssentialsTesting in Frameworks */,
				E6332DD1265167F0004990E7 /* SwiftGit2.framework in Frameworks */,
			);
			runOnlyForDeploymentPostprocessing = 0;
		};
/* End PBXFrameworksBuildPhase section */

/* Begin PBXGroup section */
		1D914FB72856796B00034EC1 /* MOVE_TO_ESSENTIALS */ = {
			isa = PBXGroup;
			children = (
				1D914FB82856799D00034EC1 /* URL_ext.swift */,
			);
			path = MOVE_TO_ESSENTIALS;
			sourceTree = "<group>";
		};
		1D914FBA28567A1300034EC1 /* Base */ = {
			isa = PBXGroup;
			children = (
				E68A3AD126658A9E00B0244C /* SwiftGit2-OSX.xctestplan */,
				E63EDF6F265BF7FD00A3D048 /* Repository+Test.swift */,
				E63EDF6D265BC30800A3D048 /* GitTest.swift */,
				E67E84D627E5DAAF009E5B31 /* LogTests.swift */,
				E6F29EFF27B58ADD00F473A1 /* TestFolder_Ext.swift */,
			);
			path = Base;
			sourceTree = "<group>";
		};
		1DB0F84F24EFFD7B00637B9B /* Repository */ = {
			isa = PBXGroup;
			children = (
				E6AF628E26939D15007D0585 /* Targets */,
				E6AF628926925BCE007D0585 /* Graph */,
				E6D4A91F24DEACC000E8041E /* Repository.swift */,
				1D5E1F482742CEF000498539 /* Repository+Entries.swift */,
				E67D157124EF24A500DA3542 /* Repository+Status.swift */,
				E6332D50264EF48B004990E7 /* Repository+Merge.swift */,
				E69D5CED2573AC8E00AEBA28 /* Repository+Submodules.swift */,
				1DB0F84D24EFFB2D00637B9B /* Repository+Checkout.swift */,
				1D5B38A725228C790019E593 /* Repository+Diff.swift */,
				E6EAA4AE269F8B9800D86506 /* Repository+Discard.swift */,
				1D4C9B5326AD79C600ADBBDE /* Repository+Blob.swift */,
			);
			path = Repository;
			sourceTree = "<group>";
		};
		1DEC290F27722E81007C32FF /* Status */ = {
			isa = PBXGroup;
			children = (
				E6EAA4A7269F4C2000D86506 /* StatusEntry.swift */,
				1DEC291027722FB8007C32FF /* StatusEntry.Status.swift */,
				1D0AFF632534AC440045D68D /* StatusOptions.Flags.swift */,
				1DEC2912277230BF007C32FF /* UiStatusEntryX.swift */,
				1DEC2916277233B0007C32FF /* Duo.StatusEntry+Repo.swift */,
			);
			path = Status;
			sourceTree = "<group>";
		};
		621E66D41C72965C00A0F352 /* Mac */ = {
			isa = PBXGroup;
			children = (
				BEB31F9D1A0E595100F525B9 /* libiconv.dylib */,
				BEB31F9F1A0E595600F525B9 /* libz.dylib */,
			);
			name = Mac;
			sourceTree = "<group>";
		};
		621E66D51C72966000A0F352 /* iOS */ = {
			isa = PBXGroup;
			children = (
				621E66FD1C72A5FF00A0F352 /* libiconv.tbd */,
				621E66FF1C72A60B00A0F352 /* libz.tbd */,
			);
			name = iOS;
			sourceTree = "<group>";
		};
		BEB31F191A0D6F7A00F525B9 = {
			isa = PBXGroup;
			children = (
				BEB31F251A0D6F7A00F525B9 /* SwiftGit2 */,
				BEB31F261A0D6F7A00F525B9 /* Supporting Files */,
				BEB31FA11A0E63C100F525B9 /* Libraries */,
				BEB31F411A0D75EE00F525B9 /* Configuration */,
				E6332DCD265167F0004990E7 /* SwiftGit2Tests */,
				BEB31F241A0D6F7A00F525B9 /* Products */,
				E6332DED265179C7004990E7 /* Frameworks */,
				1D914FB72856796B00034EC1 /* MOVE_TO_ESSENTIALS */,
			);
			sourceTree = "<group>";
			usesTabs = 0;
		};
		BEB31F241A0D6F7A00F525B9 /* Products */ = {
			isa = PBXGroup;
			children = (
				BEB31F231A0D6F7A00F525B9 /* SwiftGit2.framework */,
				E6332DCC265167F0004990E7 /* SwiftGit2Tests.xctest */,
			);
			name = Products;
			sourceTree = "<group>";
		};
		BEB31F251A0D6F7A00F525B9 /* SwiftGit2 */ = {
			isa = PBXGroup;
			children = (
				E64A9DB124D78BF8005B643E /* Experimental */,
				BEB31F281A0D6F7A00F525B9 /* SwiftGit2.h */,
				BE14AA4F1A1974010015B439 /* SwiftGit2.m */,
				BE276B281ACCD3CF00D6DAD7 /* CheckoutStrategy.swift */,
				DA5914751A94579000AED74C /* Errors.swift */,
				BE36354B1A632C9700D37EC8 /* Libgit2.swift */,
				BE2E3BE51A31261300C67092 /* Objects.swift */,
				BE70B3E41A1ACB1A002C3F4E /* OID.swift */,
				BE7A753E1A4A2BCC002DA7E3 /* Pointers.swift */,
				E653907B23E73CDE00C08416 /* Patch.swift */,
				E63EDF7D265FF5A300A3D048 /* UrlSshHttp.swift */,
				1D2AF3422AACD15A00346C45 /* KnownHosts.swift */,
			);
			path = SwiftGit2;
			sourceTree = "<group>";
		};
		BEB31F261A0D6F7A00F525B9 /* Supporting Files */ = {
			isa = PBXGroup;
			children = (
				BEB31F271A0D6F7A00F525B9 /* Info.plist */,
			);
			name = "Supporting Files";
			path = SwiftGit2;
			sourceTree = "<group>";
		};
		BEB31F411A0D75EE00F525B9 /* Configuration */ = {
			isa = PBXGroup;
			children = (
				BEB31F421A0D75EE00F525B9 /* Base */,
				BEB31F4D1A0D75EE00F525B9 /* iOS */,
				BEB31F521A0D75EE00F525B9 /* macOS */,
				BEB31F581A0D75EE00F525B9 /* README.md */,
			);
			name = Configuration;
			path = Carthage/Checkouts/xcconfigs;
			sourceTree = "<group>";
		};
		BEB31F421A0D75EE00F525B9 /* Base */ = {
			isa = PBXGroup;
			children = (
				BEB31F431A0D75EE00F525B9 /* Common.xcconfig */,
				BEB31F441A0D75EE00F525B9 /* Configurations */,
				BEB31F491A0D75EE00F525B9 /* Targets */,
			);
			path = Base;
			sourceTree = "<group>";
		};
		BEB31F441A0D75EE00F525B9 /* Configurations */ = {
			isa = PBXGroup;
			children = (
				BEB31F451A0D75EE00F525B9 /* Debug.xcconfig */,
				BEB31F461A0D75EE00F525B9 /* Profile.xcconfig */,
				BEB31F471A0D75EE00F525B9 /* Release.xcconfig */,
				BEB31F481A0D75EE00F525B9 /* Test.xcconfig */,
			);
			path = Configurations;
			sourceTree = "<group>";
		};
		BEB31F491A0D75EE00F525B9 /* Targets */ = {
			isa = PBXGroup;
			children = (
				BEB31F4A1A0D75EE00F525B9 /* Application.xcconfig */,
				BEB31F4B1A0D75EE00F525B9 /* Framework.xcconfig */,
				BEB31F4C1A0D75EE00F525B9 /* StaticLibrary.xcconfig */,
			);
			path = Targets;
			sourceTree = "<group>";
		};
		BEB31F4D1A0D75EE00F525B9 /* iOS */ = {
			isa = PBXGroup;
			children = (
				BEB31F4E1A0D75EE00F525B9 /* iOS-Application.xcconfig */,
				BEB31F4F1A0D75EE00F525B9 /* iOS-Base.xcconfig */,
				BEB31F501A0D75EE00F525B9 /* iOS-Framework.xcconfig */,
				BEB31F511A0D75EE00F525B9 /* iOS-StaticLibrary.xcconfig */,
			);
			path = iOS;
			sourceTree = "<group>";
		};
		BEB31F521A0D75EE00F525B9 /* macOS */ = {
			isa = PBXGroup;
			children = (
				BEB31F531A0D75EE00F525B9 /* macOS-Application.xcconfig */,
				BEB31F541A0D75EE00F525B9 /* macOS-Base.xcconfig */,
				BEB31F551A0D75EE00F525B9 /* macOS-DynamicLibrary.xcconfig */,
				BEB31F561A0D75EE00F525B9 /* macOS-Framework.xcconfig */,
				BEB31F571A0D75EE00F525B9 /* macOS-StaticLibrary.xcconfig */,
			);
			path = macOS;
			sourceTree = "<group>";
		};
		BEB31FA11A0E63C100F525B9 /* Libraries */ = {
			isa = PBXGroup;
			children = (
				621E66D51C72966000A0F352 /* iOS */,
				621E66D41C72965C00A0F352 /* Mac */,
			);
			name = Libraries;
			sourceTree = "<group>";
		};
		E623A3122634881B00484E11 /* Options */ = {
			isa = PBXGroup;
			children = (
				E623A307263486A500484E11 /* FetchOptions.swift */,
				E6332E0C265302AD004990E7 /* PushOptions.swift */,
				E6332CDC264E80FD004990E7 /* DiffOptions.swift */,
				E623A3132634883100484E11 /* CloneOptions.swift */,
				E623A31E2634885800484E11 /* CheckoutOptions.swift */,
				E623A3592634D4AE00484E11 /* RemoteCallbacks.swift */,
				E6332B9026496F95004990E7 /* SubmoduleUpdateOptions.swift */,
				E6332C2A264BEFA1004990E7 /* MergeOptions.swift */,
				E6332C34264C24E0004990E7 /* StatusOptions.swift */,
				E63EDF7B265DBAE500A3D048 /* ProxyOptions.swift */,
				E68C024528B8281A002C0F7D /* StashApplyOptions.swift */,
			);
			path = Options;
			sourceTree = "<group>";
		};
		E6332DCD265167F0004990E7 /* SwiftGit2Tests */ = {
			isa = PBXGroup;
			children = (
				E6F10F382B338BE0009D9369 /* GitDBTests.swift */,
				E6CFE8A92A25167C00888996 /* GitReflogTests.swift */,
				E673122A292AB19D00606E91 /* CacheStorageTests.swift */,
				E678EFF52916C5A000B7591C /* RepoID_Tests.swift */,
				E6D0AC51291315CD0087399F /* GitTagTests.swift */,
				E6F7D81028C8F1EC00C56452 /* GitRebaseTests.swift */,
				E66360E027BF1403001292FB /* RepCoreTests.swift */,
				E6AA18FA27AF825C002AFC33 /* ModuleTests.swift */,
				1DD99228276A24530088848F /* StatusDiffTests.swift */,
				1D5E1F412742A34D00498539 /* StatusEntryTests.swift */,
				E6E99234268BBF5E00F8E8BD /* RevwalkTests.swift */,
				E63EDF73265C0A6B00A3D048 /* RepositoryLocalTests.swift */,
				E63EDF6B265BC0F200A3D048 /* MergeAnalysisTests.swift */,
				E6332DCE265167F0004990E7 /* RepositoryRemoteTests.swift */,
				1D2E4DEE27F9B07700A90463 /* GitDiscard+Test.swift */,
				1D6C643728319D8F003E9072 /* GitStash+Test.swift */,
				1D6C64422837FAFA003E9072 /* GitCommit+Test.swift */,
				1DB4D5DC28241A0A0080BB6B /* ReferenceTests.swift */,
				1DB6CBB52856773F00E2244A /* StatusCustomTest.swift */,
				E6332DD0265167F0004990E7 /* Info.plist */,
				1D914FBA28567A1300034EC1 /* Base */,
				1D5ABADF2882264200F9791C /* FileChangesTests.swift */,
				1D2AF3442AACD1F800346C45 /* KnownHostsTests.swift */,
			);
			path = SwiftGit2Tests;
			sourceTree = "<group>";
		};
		E6332DED265179C7004990E7 /* Frameworks */ = {
			isa = PBXGroup;
			children = (
			);
			name = Frameworks;
			sourceTree = "<group>";
		};
		E63965FB2908179F00BD4E6F /* Git.Sync */ = {
			isa = PBXGroup;
			children = (
				E63965F92908163100BD4E6F /* Git.Sync.swift */,
				E6AF628C26938457007D0585 /* Repository+Sync.swift */,
				E63EDF7F265FF7E100A3D048 /* Repository+Push.swift */,
				E63EDF8126617ADA00A3D048 /* Repository+Fetch.swift */,
				E6332D7226501055004990E7 /* Repository+Pull.swift */,
			);
			path = Git.Sync;
			sourceTree = "<group>";
		};
		E644ACD428C6983300BF27A7 /* Git.Rebase */ = {
			isa = PBXGroup;
			children = (
				E6ACA42628BAE03500D5CBE1 /* Git.Rebase.swift */,
				E644ACD528C6984C00BF27A7 /* RebaseOptions.swift */,
				E644ACD728C6987C00BF27A7 /* Rebase.swift */,
				E644ACD928C6C0D200BF27A7 /* RebaseIterator.swift */,
			);
			path = Git.Rebase;
			sourceTree = "<group>";
		};
		E64A9DB124D78BF8005B643E /* Experimental */ = {
			isa = PBXGroup;
			children = (
				E6F10F362B3389A8009D9369 /* XR.Shell.Git.swift */,
				E6F10F332B338857009D9369 /* GitDB */,
				E6731222292AA03C00606E91 /* GitCache */,
				E64F957627E8CD4600E2D5D7 /* GitActions */,
				E66360DD27BF061F001292FB /* RepCore */,
				E69D5D102573B21400AEBA28 /* Instance */,
				E6AB53AF2575311600364E5F /* Struct */,
				1D496A4125372FA800789177 /* git_strarray.swift */,
				1D991AE02518FA7900335255 /* Duo.swift */,
				1DA3413C26B964FC0097E488 /* RevFile.swift */,
			);
			path = Experimental;
			sourceTree = "<group>";
		};
		E64F957627E8CD4600E2D5D7 /* GitActions */ = {
			isa = PBXGroup;
			children = (
				E6BC32402914006300E342E2 /* Git.Reference */,
				E67E84D027E52F70009E5B31 /* GitLog.swift */,
				E6C03B432A5E05EE006E59D4 /* GitLog+filter.swift */,
				E6F0B9362910287D008E2176 /* Git.Log */,
				E6CFE8AB2A25175C00888996 /* Git.Reflog */,
				E63965FB2908179F00BD4E6F /* Git.Sync */,
				E644ACD428C6983300BF27A7 /* Git.Rebase */,
				1DC8A54227E1247600860A0F /* Git.Conflicts.swift */,
				E64F957427E8B91B00E2D5D7 /* Git.Discard.swift */,
				E6169DF528149496001EB8A6 /* Git.Remotes.swift */,
				1D6C643528319C41003E9072 /* Git.Stash.swift */,
				E67F462928AEE5EE0055BA99 /* Git.Stasher.swift */,
				1D4BCEF627440F95008831DC /* Git.Index.swift */,
				1D6C643F2837F64D003E9072 /* Git.Commit.swift */,
				E6FF8345292E5BB3007CC5B4 /* GitConfig.swift */,
				E6FF8349292F9672007CC5B4 /* INI.swift */,
			);
			path = GitActions;
			sourceTree = "<group>";
		};
		E66360DD27BF061F001292FB /* RepCore */ = {
			isa = PBXGroup;
			children = (
				E6E0212029996F5600697170 /* ExtendedStatus */,
				E6EEFC8128A146CC00E60185 /* BranchSync.swift */,
				E66360DE27BF063D001292FB /* RepCore.swift */,
				E6AA18F827AF815E002AFC33 /* GitModule.swift */,
				E60B86C828E0FEA4001D6150 /* SubmoduleID.swift */,
				E6E76D68296A0BB2009E745E /* SubmoduleID+Status.swift */,
				E66360DA27BEEC1C001292FB /* RepoID.swift */,
				E678EFF72916F6B300B7591C /* RepoID+HEAD.swift */,
				E63EDF75265D255500A3D048 /* Repository+HEAD.swift */,
				E6F1FCFC27D76DA200BE8697 /* RepoID.Unborn.swift */,
				E6EDE035289088E9008355A0 /* ReferenceID.swift */,
			);
			path = RepCore;
			sourceTree = "<group>";
		};
		E6731222292AA03C00606E91 /* GitCache */ = {
			isa = PBXGroup;
			children = (
				E60BB75E293259D1006EE309 /* RepoID.Tree.swift */,
				E6731223292AA0A100606E91 /* TreeStorage.swift */,
				E61C06E1290C409E0047D243 /* Git.LogCache.swift */,
				E6F0B9392910318C008E2176 /* Git.CommitBasicInfo.swift */,
			);
			path = GitCache;
			sourceTree = "<group>";
		};
		E68A3ACD2665346800B0244C /* User */ = {
			isa = PBXGroup;
			children = (
				E60364B627DB338100E9D4D0 /* Auth.swift */,
				622726331C84E52500C53D17 /* Credentials.swift */,
				E68A3ACE266534B400B0244C /* Signature.swift */,
			);
			path = User;
			sourceTree = "<group>";
		};
		E69D5D102573B21400AEBA28 /* Instance */ = {
			isa = PBXGroup;
			children = (
				E6D4A91724DEA8EC00E8041E /* Instance.swift */,
				E6D4A92624DF43F500E8041E /* Object */,
				E6D4A92524DF43DB00E8041E /* Reference */,
				1DB0F84F24EFFD7B00637B9B /* Repository */,
			);
			path = Instance;
			sourceTree = "<group>";
		};
		E6AB53AF2575311600364E5F /* Struct */ = {
			isa = PBXGroup;
			children = (
				1DEC290F27722E81007C32FF /* Status */,
				E68A3ACD2665346800B0244C /* User */,
				E623A3122634881B00484E11 /* Options */,
				AA89482E23F1671A0074288B /* Buffer.swift */,
				E6332D06264EA35D004990E7 /* IndexEntry.swift */,
				E6332E072652D20E004990E7 /* GitPayload.swift */,
				1D5E1F462742B31700498539 /* IEntry.swift */,
			);
			path = Struct;
			sourceTree = "<group>";
		};
		E6AF628926925BCE007D0585 /* Graph */ = {
			isa = PBXGroup;
			children = (
				1DDFC0FA261B4DBD00EBBDE9 /* RevisionWalker.swift */,
				E6AF6287269256CD007D0585 /* Repository+Graph.swift */,
				E6AF628A26925C6D007D0585 /* PendingCommitsCount.swift */,
			);
			path = Graph;
			sourceTree = "<group>";
		};
		E6AF628E26939D15007D0585 /* Targets */ = {
			isa = PBXGroup;
			children = (
				E6AF628F26939D31007D0585 /* BranchTarget.swift */,
				E6AF629126939D65007D0585 /* RemoteTarget.swift */,
			);
			path = Targets;
			sourceTree = "<group>";
		};
		E6BC32402914006300E342E2 /* Git.Reference */ = {
			isa = PBXGroup;
			children = (
				E6BC32412914008100E342E2 /* OG */,
				E6D0AC4F291310C20087399F /* Git.Tag.swift */,
				E6BC323E2913FCBB00E342E2 /* Git.Reference.swift */,
				E6DEC670291581F40076684B /* ReferenceID+.swift */,
				E69932032A33C27A009F6B1B /* ReferenceID+rename.swift */,
				E6ED7AAC289B6CB50021456F /* Git.RefCache.swift */,
				E6EEFC7F28A0546400E60185 /* ReferenceEx.swift */,
			);
			path = Git.Reference;
			sourceTree = "<group>";
		};
		E6BC32412914008100E342E2 /* OG */ = {
			isa = PBXGroup;
			children = (
				E6D4A91D24DEAA3000E8041E /* Reference.swift */,
				E6D4A91B24DEA9AD00E8041E /* Branch.swift */,
				E6D4A92724DF55E400E8041E /* Reference+Write.swift */,
				E68A3ACB2663A26300B0244C /* Branch+Repository.swift */,
			);
			path = OG;
			sourceTree = "<group>";
		};
		E6CFE8AB2A25175C00888996 /* Git.Reflog */ = {
			isa = PBXGroup;
			children = (
				E6CFE8A72A2515D100888996 /* Git.Reflog.swift */,
				E6CFE8B02A25409E00888996 /* Git.Reflog.Iterator.swift */,
				E6CFE8AC2A25177700888996 /* Reflog.swift */,
				E6CFE8AE2A252B9B00888996 /* ReflogEntry.swift */,
				E655E1D52A27B67400D6731F /* ReflogEntry+Kind.swift */,
			);
			path = Git.Reflog;
			sourceTree = "<group>";
		};
		E6D4A92524DF43DB00E8041E /* Reference */ = {
			isa = PBXGroup;
			children = (
				E6D4A92324DF40CA00E8041E /* Index.swift */,
				E68A3AE92669056300B0244C /* Index+Iterator.swift */,
				232861421F4A3A2E00276D65 /* Diff.swift */,
				E653907923E7328200C08416 /* Diff+Delta.swift */,
				1D991AE2251934FF00335255 /* Remote.swift */,
				1D764BD7252CD148008417A7 /* Submodule.swift */,
				E6FF8347292E613C007CC5B4 /* Config.swift */,
			);
			path = Reference;
			sourceTree = "<group>";
		};
		E6D4A92624DF43F500E8041E /* Object */ = {
			isa = PBXGroup;
			children = (
				E6D4A92124DF1B4300E8041E /* Object.swift */,
				E6D4A91924DEA93E00E8041E /* Commit.swift */,
				1D6EFB29252BA5A1000D0BE1 /* Tree.swift */,
				E6F10F3E2B33B5A3009D9369 /* Tree+walk.swift */,
				E6AB53B92575377B00364E5F /* Blob.swift */,
				1D6C643928319FE1003E9072 /* Stash.swift */,
			);
			path = Object;
			sourceTree = "<group>";
		};
		E6E0212029996F5600697170 /* ExtendedStatus */ = {
			isa = PBXGroup;
			children = (
				1DEC291427723308007C32FF /* StatusEntryHunks.swift */,
				E6E0211E29996EA500697170 /* ExtendedStatus.swift */,
			);
			path = ExtendedStatus;
			sourceTree = "<group>";
		};
		E6F0B9362910287D008E2176 /* Git.Log */ = {
			isa = PBXGroup;
			children = (
				E61C06E3290C47660047D243 /* CommitID.swift */,
				E6F0B93B29105995008E2176 /* Git.Signature.swift */,
				1DC744B8289061C9000F8478 /* HistoryFileID.swift */,
				E6F0B93729102D19008E2176 /* CommitDeltas.swift */,
			);
			path = Git.Log;
			sourceTree = "<group>";
		};
		E6F10F332B338857009D9369 /* GitDB */ = {
			isa = PBXGroup;
			children = (
				E6F10F342B33887A009D9369 /* GitDB.swift */,
				E6F10F3A2B3394E4009D9369 /* GitDB.Object.swift */,
				E6F10F3C2B339C25009D9369 /* GitDB.Tree.swift */,
			);
			path = GitDB;
			sourceTree = "<group>";
		};
/* End PBXGroup section */

/* Begin PBXHeadersBuildPhase section */
		BEB31F201A0D6F7A00F525B9 /* Headers */ = {
			isa = PBXHeadersBuildPhase;
			buildActionMask = 2147483647;
			files = (
				BEB31F291A0D6F7A00F525B9 /* SwiftGit2.h in Headers */,
			);
			runOnlyForDeploymentPostprocessing = 0;
		};
/* End PBXHeadersBuildPhase section */

/* Begin PBXNativeTarget section */
		BEB31F221A0D6F7A00F525B9 /* SwiftGit2-OSX */ = {
			isa = PBXNativeTarget;
			buildConfigurationList = BEB31F391A0D6F7A00F525B9 /* Build configuration list for PBXNativeTarget "SwiftGit2-OSX" */;
			buildPhases = (
				BEB31F1E1A0D6F7A00F525B9 /* Sources */,
				BEB31F1F1A0D6F7A00F525B9 /* Frameworks */,
				BEB31F201A0D6F7A00F525B9 /* Headers */,
				E62B73C6268092B400B7D881 /* Embed Frameworks */,
			);
			buildRules = (
			);
			dependencies = (
			);
			name = "SwiftGit2-OSX";
			packageProductDependencies = (
				E6FC107527BD94CE002C9CEE /* OrderedCollections */,
				E67E84D227E53C00009E5B31 /* DequeModule */,
				E60BB75C29302A40006EE309 /* Parsing */,
				E63AFE4A29D63D0300557908 /* Essentials */,
			);
			productName = "SwiftGit2-OSX";
			productReference = BEB31F231A0D6F7A00F525B9 /* SwiftGit2.framework */;
			productType = "com.apple.product-type.framework";
		};
		E6332DCB265167F0004990E7 /* SwiftGit2Tests */ = {
			isa = PBXNativeTarget;
			buildConfigurationList = E6332DD4265167F0004990E7 /* Build configuration list for PBXNativeTarget "SwiftGit2Tests" */;
			buildPhases = (
				E6332DC8265167F0004990E7 /* Sources */,
				E6332DC9265167F0004990E7 /* Frameworks */,
				E6332DCA265167F0004990E7 /* Resources */,
				E6332DF0265179C7004990E7 /* Embed Frameworks */,
			);
			buildRules = (
			);
			dependencies = (
				E6332DD3265167F0004990E7 /* PBXTargetDependency */,
			);
			name = SwiftGit2Tests;
			packageProductDependencies = (
				E63AFE4C29D63D0300557908 /* EssentialsTesting */,
			);
			productName = SwiftGit2Tests;
			productReference = E6332DCC265167F0004990E7 /* SwiftGit2Tests.xctest */;
			productType = "com.apple.product-type.bundle.unit-test";
		};
/* End PBXNativeTarget section */

/* Begin PBXProject section */
		BEB31F1A1A0D6F7A00F525B9 /* Project object */ = {
			isa = PBXProject;
			attributes = {
				LastSwiftUpdateCheck = 1240;
				LastUpgradeCheck = 1010;
				ORGANIZATIONNAME = "GitHub, Inc";
				TargetAttributes = {
					BEB31F221A0D6F7A00F525B9 = {
						CreatedOnToolsVersion = 6.1;
						LastSwiftMigration = 1020;
					};
					E6332DCB265167F0004990E7 = {
						CreatedOnToolsVersion = 12.4;
						ProvisioningStyle = Manual;
					};
				};
			};
			buildConfigurationList = BEB31F1D1A0D6F7A00F525B9 /* Build configuration list for PBXProject "SwiftGit2" */;
			compatibilityVersion = "Xcode 3.2";
			developmentRegion = en;
			hasScannedForEncodings = 0;
			knownRegions = (
				en,
				Base,
			);
			mainGroup = BEB31F191A0D6F7A00F525B9;
			packageReferences = (
				E6FC107427BD94CE002C9CEE /* XCRemoteSwiftPackageReference "swift-collections" */,
				E60BB75B2930283A006EE309 /* XCRemoteSwiftPackageReference "swift-parsing" */,
				E63AFE4929D63D0200557908 /* XCRemoteSwiftPackageReference "essentials" */,
			);
			productRefGroup = BEB31F241A0D6F7A00F525B9 /* Products */;
			projectDirPath = "";
			projectRoot = "";
			targets = (
				BEB31F221A0D6F7A00F525B9 /* SwiftGit2-OSX */,
				E6332DCB265167F0004990E7 /* SwiftGit2Tests */,
			);
		};
/* End PBXProject section */

/* Begin PBXResourcesBuildPhase section */
		E6332DCA265167F0004990E7 /* Resources */ = {
			isa = PBXResourcesBuildPhase;
			buildActionMask = 2147483647;
			files = (
			);
			runOnlyForDeploymentPostprocessing = 0;
		};
/* End PBXResourcesBuildPhase section */

/* Begin PBXSourcesBuildPhase section */
		BEB31F1E1A0D6F7A00F525B9 /* Sources */ = {
			isa = PBXSourcesBuildPhase;
			buildActionMask = 2147483647;
			files = (
				1DEC2917277233B0007C32FF /* Duo.StatusEntry+Repo.swift in Sources */,
				1D0AFF642534AC440045D68D /* StatusOptions.Flags.swift in Sources */,
				1D6EFB2A252BA5A1000D0BE1 /* Tree.swift in Sources */,
				E69D5CEE2573AC8E00AEBA28 /* Repository+Submodules.swift in Sources */,
				E6ED7AAD289B6CB50021456F /* Git.RefCache.swift in Sources */,
				1D991AE12518FA7900335255 /* Duo.swift in Sources */,
				E60364B727DB338100E9D4D0 /* Auth.swift in Sources */,
				E6CFE8AD2A25177700888996 /* Reflog.swift in Sources */,
				1DEC291527723308007C32FF /* StatusEntryHunks.swift in Sources */,
				1DB0F84E24EFFB2D00637B9B /* Repository+Checkout.swift in Sources */,
				E623A308263486A500484E11 /* FetchOptions.swift in Sources */,
				E623A3142634883100484E11 /* CloneOptions.swift in Sources */,
				E6F10F372B3389A8009D9369 /* XR.Shell.Git.swift in Sources */,
				E6332C2B264BEFA1004990E7 /* MergeOptions.swift in Sources */,
				E67D157224EF24A500DA3542 /* Repository+Status.swift in Sources */,
				1D5E1F472742B31700498539 /* IEntry.swift in Sources */,
				E6CFE8AF2A252B9B00888996 /* ReflogEntry.swift in Sources */,
				E67E84D127E52F71009E5B31 /* GitLog.swift in Sources */,
				BE70B3E51A1ACB1A002C3F4E /* OID.swift in Sources */,
				E6AB53BA2575377B00364E5F /* Blob.swift in Sources */,
				E6F10F3F2B33B5A3009D9369 /* Tree+walk.swift in Sources */,
				E63EDF7E265FF5A300A3D048 /* UrlSshHttp.swift in Sources */,
				E63965FA2908163100BD4E6F /* Git.Sync.swift in Sources */,
				E6332CDD264E80FD004990E7 /* DiffOptions.swift in Sources */,
				E63EDF8226617ADA00A3D048 /* Repository+Fetch.swift in Sources */,
				1D4C9B5426AD79C600ADBBDE /* Repository+Blob.swift in Sources */,
				E63EDF76265D255500A3D048 /* Repository+HEAD.swift in Sources */,
				E6EEFC8228A146CD00E60185 /* BranchSync.swift in Sources */,
				BE276B291ACCD3CF00D6DAD7 /* CheckoutStrategy.swift in Sources */,
				622726341C84E52500C53D17 /* Credentials.swift in Sources */,
				1DC744B9289061C9000F8478 /* HistoryFileID.swift in Sources */,
				E6CFE8B12A25409E00888996 /* Git.Reflog.Iterator.swift in Sources */,
				E6ACA42728BAE03500D5CBE1 /* Git.Rebase.swift in Sources */,
				AA89482F23F1671A0074288B /* Buffer.swift in Sources */,
				E68A3ACC2663A26300B0244C /* Branch+Repository.swift in Sources */,
				E6332D7326501055004990E7 /* Repository+Pull.swift in Sources */,
				E6EAA4A8269F4C2000D86506 /* StatusEntry.swift in Sources */,
				E6F0B93A2910318C008E2176 /* Git.CommitBasicInfo.swift in Sources */,
				1D496A4225372FA800789177 /* git_strarray.swift in Sources */,
				E623A31F2634885800484E11 /* CheckoutOptions.swift in Sources */,
				E68A3AEA2669056300B0244C /* Index+Iterator.swift in Sources */,
				E60BB75F293259D1006EE309 /* RepoID.Tree.swift in Sources */,
				E6FF834A292F9672007CC5B4 /* INI.swift in Sources */,
				E678EFF82916F6B300B7591C /* RepoID+HEAD.swift in Sources */,
				E644ACD828C6987C00BF27A7 /* Rebase.swift in Sources */,
				1D4BCEF727440F95008831DC /* Git.Index.swift in Sources */,
				1D914FB92856799D00034EC1 /* URL_ext.swift in Sources */,
				E63EDF7C265DBAE500A3D048 /* ProxyOptions.swift in Sources */,
				E69932042A33C27A009F6B1B /* ReferenceID+rename.swift in Sources */,
				E6731226292AA0A200606E91 /* TreeStorage.swift in Sources */,
				E655E1D62A27B67400D6731F /* ReflogEntry+Kind.swift in Sources */,
				E6D4A92024DEACC000E8041E /* Repository.swift in Sources */,
				E60B86C928E0FEA4001D6150 /* SubmoduleID.swift in Sources */,
				E6AF628D26938457007D0585 /* Repository+Sync.swift in Sources */,
				E6DEC671291581F40076684B /* ReferenceID+.swift in Sources */,
				E644ACD628C6984C00BF27A7 /* RebaseOptions.swift in Sources */,
				E6E76D69296A0BB2009E745E /* SubmoduleID+Status.swift in Sources */,
				E6E0211F29996EA500697170 /* ExtendedStatus.swift in Sources */,
				E6169DF628149496001EB8A6 /* Git.Remotes.swift in Sources */,
				E6C03B442A5E05EE006E59D4 /* GitLog+filter.swift in Sources */,
				E6AF6288269256CD007D0585 /* Repository+Graph.swift in Sources */,
				E67F462A28AEE5EE0055BA99 /* Git.Stasher.swift in Sources */,
				E6AF629026939D31007D0585 /* BranchTarget.swift in Sources */,
				1D6C643628319C41003E9072 /* Git.Stash.swift in Sources */,
				E6EAA4AF269F8B9800D86506 /* Repository+Discard.swift in Sources */,
				1DA3413D26B964FC0097E488 /* RevFile.swift in Sources */,
				E6F10F352B33887A009D9369 /* GitDB.swift in Sources */,
				1D5B38A825228C790019E593 /* Repository+Diff.swift in Sources */,
				E6FF8348292E613C007CC5B4 /* Config.swift in Sources */,
				E6F0B93C29105995008E2176 /* Git.Signature.swift in Sources */,
				E6D4A91A24DEA93E00E8041E /* Commit.swift in Sources */,
				1D764BD8252CD148008417A7 /* Submodule.swift in Sources */,
				E61C06E2290C409E0047D243 /* Git.LogCache.swift in Sources */,
				E6332C35264C24E0004990E7 /* StatusOptions.swift in Sources */,
				E623A35A2634D4AE00484E11 /* RemoteCallbacks.swift in Sources */,
				E68A3ACF266534B400B0244C /* Signature.swift in Sources */,
				BE2E3BE61A31261300C67092 /* Objects.swift in Sources */,
				232861431F4A3A2E00276D65 /* Diff.swift in Sources */,
				E6332D07264EA35D004990E7 /* IndexEntry.swift in Sources */,
				E6AF628B26925C6D007D0585 /* PendingCommitsCount.swift in Sources */,
				E6FF8346292E5BB3007CC5B4 /* GitConfig.swift in Sources */,
				E6332E0D265302AD004990E7 /* PushOptions.swift in Sources */,
				BE36354C1A632C9700D37EC8 /* Libgit2.swift in Sources */,
				1D6C64412837F72A003E9072 /* Git.Commit.swift in Sources */,
				E653907C23E73CDE00C08416 /* Patch.swift in Sources */,
				E6F10F3D2B339C25009D9369 /* GitDB.Tree.swift in Sources */,
				E6CFE8A82A2515D100888996 /* Git.Reflog.swift in Sources */,
				1DEC291127722FB8007C32FF /* StatusEntry.Status.swift in Sources */,
				E6EEFC8028A0546400E60185 /* ReferenceEx.swift in Sources */,
				E61C06E4290C47660047D243 /* CommitID.swift in Sources */,
				E6F1FCFD27D76DA300BE8697 /* RepoID.Unborn.swift in Sources */,
				E6D0AC50291310C20087399F /* Git.Tag.swift in Sources */,
				E6D4A91C24DEA9AD00E8041E /* Branch.swift in Sources */,
				E6D4A92424DF40CA00E8041E /* Index.swift in Sources */,
				E6BC323F2913FCBB00E342E2 /* Git.Reference.swift in Sources */,
				E6D4A91824DEA8EC00E8041E /* Instance.swift in Sources */,
				E6AA18F927AF815E002AFC33 /* GitModule.swift in Sources */,
				BE7A753F1A4A2BCC002DA7E3 /* Pointers.swift in Sources */,
				1D2AF3432AACD15A00346C45 /* KnownHosts.swift in Sources */,
				E6D4A92224DF1B4300E8041E /* Object.swift in Sources */,
				1DDFC0FB261B4DBD00EBBDE9 /* RevisionWalker.swift in Sources */,
				1D6C643B2831B38F003E9072 /* Stash.swift in Sources */,
				E6332B9126496F95004990E7 /* SubmoduleUpdateOptions.swift in Sources */,
				E68C024628B8281A002C0F7D /* StashApplyOptions.swift in Sources */,
				E6F10F3B2B3394E4009D9369 /* GitDB.Object.swift in Sources */,
				E6AF629226939D65007D0585 /* RemoteTarget.swift in Sources */,
				E653907A23E7328200C08416 /* Diff+Delta.swift in Sources */,
				1DC8A54327E1247600860A0F /* Git.Conflicts.swift in Sources */,
				E66360DF27BF063D001292FB /* RepCore.swift in Sources */,
				E6D4A91E24DEAA3000E8041E /* Reference.swift in Sources */,
				1D5E1F492742CEF000498539 /* Repository+Entries.swift in Sources */,
				E6F0B93829102D19008E2176 /* CommitDeltas.swift in Sources */,
				DA5914761A94579000AED74C /* Errors.swift in Sources */,
				1D991AE3251934FF00335255 /* Remote.swift in Sources */,
				E64F957527E8B91B00E2D5D7 /* Git.Discard.swift in Sources */,
				E6332E082652D20E004990E7 /* GitPayload.swift in Sources */,
				E66360DB27BEEC1C001292FB /* RepoID.swift in Sources */,
				E6EDE036289088E9008355A0 /* ReferenceID.swift in Sources */,
				E63EDF80265FF7E100A3D048 /* Repository+Push.swift in Sources */,
				E644ACDA28C6C0D300BF27A7 /* RebaseIterator.swift in Sources */,
				E6332D51264EF48B004990E7 /* Repository+Merge.swift in Sources */,
				1DEC2913277230BF007C32FF /* UiStatusEntryX.swift in Sources */,
				BE14AA501A1974010015B439 /* SwiftGit2.m in Sources */,
				E6D4A92824DF55E400E8041E /* Reference+Write.swift in Sources */,
			);
			runOnlyForDeploymentPostprocessing = 0;
		};
		E6332DC8265167F0004990E7 /* Sources */ = {
			isa = PBXSourcesBuildPhase;
			buildActionMask = 2147483647;
			files = (
				1DD99229276A24540088848F /* StatusDiffTests.swift in Sources */,
				1D2AF3452AACD1F800346C45 /* KnownHostsTests.swift in Sources */,
				E6F29F0027B58ADD00F473A1 /* TestFolder_Ext.swift in Sources */,
				1D2E4DEF27F9B07700A90463 /* GitDiscard+Test.swift in Sources */,
				E673122B292AB19D00606E91 /* CacheStorageTests.swift in Sources */,
				1D6C643828319D8F003E9072 /* GitStash+Test.swift in Sources */,
				1DB4D5DD28241A0A0080BB6B /* ReferenceTests.swift in Sources */,
				E67E84D727E5DAAF009E5B31 /* LogTests.swift in Sources */,
				E6E99235268BBF5E00F8E8BD /* RevwalkTests.swift in Sources */,
				1D5ABAE02882264200F9791C /* FileChangesTests.swift in Sources */,
				1D6C64432837FAFA003E9072 /* GitCommit+Test.swift in Sources */,
				E6332DCF265167F0004990E7 /* RepositoryRemoteTests.swift in Sources */,
				E678EFF62916C5A000B7591C /* RepoID_Tests.swift in Sources */,
				E6CFE8AA2A25167C00888996 /* GitReflogTests.swift in Sources */,
				E6F7D81128C8F1EC00C56452 /* GitRebaseTests.swift in Sources */,
				1DB6CBB62856773F00E2244A /* StatusCustomTest.swift in Sources */,
				E63EDF74265C0A6B00A3D048 /* RepositoryLocalTests.swift in Sources */,
				E63EDF6E265BC30800A3D048 /* GitTest.swift in Sources */,
				E6AA18FB27AF825C002AFC33 /* ModuleTests.swift in Sources */,
				E6D0AC52291315CD0087399F /* GitTagTests.swift in Sources */,
				E6F10F392B338BE0009D9369 /* GitDBTests.swift in Sources */,
				E66360E127BF1403001292FB /* RepCoreTests.swift in Sources */,
				E63EDF6C265BC0F200A3D048 /* MergeAnalysisTests.swift in Sources */,
				1D5E1F422742A34D00498539 /* StatusEntryTests.swift in Sources */,
				E63EDF70265BF7FD00A3D048 /* Repository+Test.swift in Sources */,
			);
			runOnlyForDeploymentPostprocessing = 0;
		};
/* End PBXSourcesBuildPhase section */

/* Begin PBXTargetDependency section */
		E6332DD3265167F0004990E7 /* PBXTargetDependency */ = {
			isa = PBXTargetDependency;
			target = BEB31F221A0D6F7A00F525B9 /* SwiftGit2-OSX */;
			targetProxy = E6332DD2265167F0004990E7 /* PBXContainerItemProxy */;
		};
/* End PBXTargetDependency section */

/* Begin XCBuildConfiguration section */
		BEB31F371A0D6F7A00F525B9 /* Debug */ = {
			isa = XCBuildConfiguration;
			baseConfigurationReference = BEB31F451A0D75EE00F525B9 /* Debug.xcconfig */;
			buildSettings = {
				GCC_WARN_UNINITIALIZED_AUTOS = YES_AGGRESSIVE;
				INSTALL_GROUP = "";
				INSTALL_MODE_FLAG = "";
				INSTALL_OWNER = "";
				IPHONEOS_DEPLOYMENT_TARGET = 14.1;
				MACOSX_DEPLOYMENT_TARGET = 11.0;
				SWIFT_VERSION = 5.0;
			};
			name = Debug;
		};
		BEB31F381A0D6F7A00F525B9 /* Release */ = {
			isa = XCBuildConfiguration;
			baseConfigurationReference = BEB31F471A0D75EE00F525B9 /* Release.xcconfig */;
			buildSettings = {
				ENABLE_NS_ASSERTIONS = NO;
				GCC_WARN_UNINITIALIZED_AUTOS = YES_AGGRESSIVE;
				INSTALL_GROUP = "";
				INSTALL_MODE_FLAG = "";
				INSTALL_OWNER = "";
				IPHONEOS_DEPLOYMENT_TARGET = 14.1;
				MACOSX_DEPLOYMENT_TARGET = 11.0;
				SWIFT_VERSION = 5.0;
			};
			name = Release;
		};
		BEB31F3A1A0D6F7A00F525B9 /* Debug */ = {
			isa = XCBuildConfiguration;
			baseConfigurationReference = BEB31F561A0D75EE00F525B9 /* macOS-Framework.xcconfig */;
			buildSettings = {
				CLANG_WARN_DOCUMENTATION_COMMENTS = NO;
				CODE_SIGN_IDENTITY = "-";
				CODE_SIGN_STYLE = Automatic;
				DEVELOPMENT_TEAM = RPH4S2457V;
				HEADER_SEARCH_PATHS = (
					"$(SRCROOT)/External/libgit2/include",
					"$(inherited)",
				);
				INFOPLIST_FILE = SwiftGit2/Info.plist;
				LIBRARY_SEARCH_PATHS = (
					External,
					"$(inherited)",
				);
				MACOSX_DEPLOYMENT_TARGET = 11.0;
				OTHER_LDFLAGS = (
					External/libgit2.a,
					"-force_load",
					External/libgit2.a,
					External/libssh2.a,
					External/libcrypto.a,
					External/libssl.a,
					"-lcurl",
				);
				PRODUCT_BUNDLE_IDENTIFIER = "org.libgit2.$(PRODUCT_NAME:rfc1034identifier)";
				PRODUCT_NAME = SwiftGit2;
				PROVISIONING_PROFILE_SPECIFIER = "";
				SWIFT_INCLUDE_PATHS = "$(SRCROOT)/libgit2";
				SWIFT_TREAT_WARNINGS_AS_ERRORS = NO;
				VALID_ARCHS = "$(ARCHS_STANDARD)";
			};
			name = Debug;
		};
		BEB31F3B1A0D6F7A00F525B9 /* Release */ = {
			isa = XCBuildConfiguration;
			baseConfigurationReference = BEB31F561A0D75EE00F525B9 /* macOS-Framework.xcconfig */;
			buildSettings = {
				CLANG_WARN_DOCUMENTATION_COMMENTS = NO;
				CODE_SIGN_IDENTITY = "-";
				CODE_SIGN_STYLE = Automatic;
				DEVELOPMENT_TEAM = RPH4S2457V;
				HEADER_SEARCH_PATHS = (
					"$(SRCROOT)/External/libgit2/include",
					"$(inherited)",
				);
				INFOPLIST_FILE = SwiftGit2/Info.plist;
				LIBRARY_SEARCH_PATHS = (
					External,
					"$(inherited)",
				);
				MACOSX_DEPLOYMENT_TARGET = 11.0;
				OTHER_LDFLAGS = (
					External/libgit2.a,
					"-force_load",
					External/libgit2.a,
					External/libssh2.a,
					External/libcrypto.a,
					External/libssl.a,
					"-lcurl",
				);
				PRODUCT_BUNDLE_IDENTIFIER = "org.libgit2.$(PRODUCT_NAME:rfc1034identifier)";
				PRODUCT_NAME = SwiftGit2;
				PROVISIONING_PROFILE_SPECIFIER = "";
				SWIFT_INCLUDE_PATHS = "$(SRCROOT)/libgit2";
				SWIFT_TREAT_WARNINGS_AS_ERRORS = NO;
				VALID_ARCHS = "$(ARCHS_STANDARD)";
			};
			name = Release;
		};
		E6332DD5265167F0004990E7 /* Debug */ = {
			isa = XCBuildConfiguration;
			buildSettings = {
				ALWAYS_SEARCH_USER_PATHS = NO;
				CLANG_ANALYZER_NONNULL = YES;
				CLANG_ANALYZER_NUMBER_OBJECT_CONVERSION = YES_AGGRESSIVE;
				CLANG_CXX_LANGUAGE_STANDARD = "gnu++14";
				CLANG_CXX_LIBRARY = "libc++";
				CLANG_ENABLE_MODULES = YES;
				CLANG_ENABLE_OBJC_ARC = YES;
				CLANG_ENABLE_OBJC_WEAK = YES;
				CLANG_WARN_BLOCK_CAPTURE_AUTORELEASING = YES;
				CLANG_WARN_BOOL_CONVERSION = YES;
				CLANG_WARN_COMMA = YES;
				CLANG_WARN_CONSTANT_CONVERSION = YES;
				CLANG_WARN_DEPRECATED_OBJC_IMPLEMENTATIONS = YES;
				CLANG_WARN_DIRECT_OBJC_ISA_USAGE = YES_ERROR;
				CLANG_WARN_DOCUMENTATION_COMMENTS = YES;
				CLANG_WARN_EMPTY_BODY = YES;
				CLANG_WARN_ENUM_CONVERSION = YES;
				CLANG_WARN_INFINITE_RECURSION = YES;
				CLANG_WARN_INT_CONVERSION = YES;
				CLANG_WARN_NON_LITERAL_NULL_CONVERSION = YES;
				CLANG_WARN_OBJC_IMPLICIT_RETAIN_SELF = YES;
				CLANG_WARN_OBJC_LITERAL_CONVERSION = YES;
				CLANG_WARN_OBJC_ROOT_CLASS = YES_ERROR;
				CLANG_WARN_QUOTED_INCLUDE_IN_FRAMEWORK_HEADER = YES;
				CLANG_WARN_RANGE_LOOP_ANALYSIS = YES;
				CLANG_WARN_STRICT_PROTOTYPES = YES;
				CLANG_WARN_SUSPICIOUS_MOVE = YES;
				CLANG_WARN_UNGUARDED_AVAILABILITY = YES_AGGRESSIVE;
				CLANG_WARN_UNREACHABLE_CODE = YES;
				CLANG_WARN__DUPLICATE_METHOD_MATCH = YES;
				CODE_SIGN_STYLE = Manual;
				COMBINE_HIDPI_IMAGES = YES;
				COPY_PHASE_STRIP = NO;
				DEBUG_INFORMATION_FORMAT = dwarf;
				DEVELOPMENT_TEAM = "";
				ENABLE_STRICT_OBJC_MSGSEND = YES;
				ENABLE_TESTABILITY = YES;
				GCC_C_LANGUAGE_STANDARD = gnu11;
				GCC_DYNAMIC_NO_PIC = NO;
				GCC_NO_COMMON_BLOCKS = YES;
				GCC_OPTIMIZATION_LEVEL = 0;
				GCC_PREPROCESSOR_DEFINITIONS = (
					"DEBUG=1",
					"$(inherited)",
				);
				GCC_TREAT_WARNINGS_AS_ERRORS = NO;
				GCC_WARN_64_TO_32_BIT_CONVERSION = YES;
				GCC_WARN_ABOUT_RETURN_TYPE = YES_ERROR;
				GCC_WARN_UNDECLARED_SELECTOR = YES;
				GCC_WARN_UNUSED_FUNCTION = YES;
				GCC_WARN_UNUSED_VARIABLE = YES;
				INFOPLIST_FILE = SwiftGit2Tests/Info.plist;
				LD_RUNPATH_SEARCH_PATHS = (
					"$(inherited)",
					"@executable_path/../Frameworks",
					"@loader_path/../Frameworks",
				);
				MACOSX_DEPLOYMENT_TARGET = 11.3;
				MTL_ENABLE_DEBUG_INFO = INCLUDE_SOURCE;
				MTL_FAST_MATH = YES;
				ONLY_ACTIVE_ARCH = YES;
				PRODUCT_BUNDLE_IDENTIFIER = chekaZuja.SwiftGit2Tests;
				PRODUCT_NAME = "$(TARGET_NAME)";
				PROVISIONING_PROFILE_SPECIFIER = "";
				SDKROOT = macosx;
				SWIFT_ACTIVE_COMPILATION_CONDITIONS = DEBUG;
				SWIFT_OPTIMIZATION_LEVEL = "-Onone";
				SWIFT_TREAT_WARNINGS_AS_ERRORS = NO;
				SWIFT_VERSION = 5.0;
			};
			name = Debug;
		};
		E6332DD6265167F0004990E7 /* Release */ = {
			isa = XCBuildConfiguration;
			buildSettings = {
				ALWAYS_SEARCH_USER_PATHS = NO;
				CLANG_ANALYZER_NONNULL = YES;
				CLANG_ANALYZER_NUMBER_OBJECT_CONVERSION = YES_AGGRESSIVE;
				CLANG_CXX_LANGUAGE_STANDARD = "gnu++14";
				CLANG_CXX_LIBRARY = "libc++";
				CLANG_ENABLE_MODULES = YES;
				CLANG_ENABLE_OBJC_ARC = YES;
				CLANG_ENABLE_OBJC_WEAK = YES;
				CLANG_WARN_BLOCK_CAPTURE_AUTORELEASING = YES;
				CLANG_WARN_BOOL_CONVERSION = YES;
				CLANG_WARN_COMMA = YES;
				CLANG_WARN_CONSTANT_CONVERSION = YES;
				CLANG_WARN_DEPRECATED_OBJC_IMPLEMENTATIONS = YES;
				CLANG_WARN_DIRECT_OBJC_ISA_USAGE = YES_ERROR;
				CLANG_WARN_DOCUMENTATION_COMMENTS = YES;
				CLANG_WARN_EMPTY_BODY = YES;
				CLANG_WARN_ENUM_CONVERSION = YES;
				CLANG_WARN_INFINITE_RECURSION = YES;
				CLANG_WARN_INT_CONVERSION = YES;
				CLANG_WARN_NON_LITERAL_NULL_CONVERSION = YES;
				CLANG_WARN_OBJC_IMPLICIT_RETAIN_SELF = YES;
				CLANG_WARN_OBJC_LITERAL_CONVERSION = YES;
				CLANG_WARN_OBJC_ROOT_CLASS = YES_ERROR;
				CLANG_WARN_QUOTED_INCLUDE_IN_FRAMEWORK_HEADER = YES;
				CLANG_WARN_RANGE_LOOP_ANALYSIS = YES;
				CLANG_WARN_STRICT_PROTOTYPES = YES;
				CLANG_WARN_SUSPICIOUS_MOVE = YES;
				CLANG_WARN_UNGUARDED_AVAILABILITY = YES_AGGRESSIVE;
				CLANG_WARN_UNREACHABLE_CODE = YES;
				CLANG_WARN__DUPLICATE_METHOD_MATCH = YES;
				CODE_SIGN_STYLE = Manual;
				COMBINE_HIDPI_IMAGES = YES;
				COPY_PHASE_STRIP = NO;
				DEBUG_INFORMATION_FORMAT = "dwarf-with-dsym";
				DEVELOPMENT_TEAM = "";
				ENABLE_STRICT_OBJC_MSGSEND = YES;
				GCC_C_LANGUAGE_STANDARD = gnu11;
				GCC_NO_COMMON_BLOCKS = YES;
				GCC_TREAT_WARNINGS_AS_ERRORS = NO;
				GCC_WARN_64_TO_32_BIT_CONVERSION = YES;
				GCC_WARN_ABOUT_RETURN_TYPE = YES_ERROR;
				GCC_WARN_UNDECLARED_SELECTOR = YES;
				GCC_WARN_UNUSED_FUNCTION = YES;
				GCC_WARN_UNUSED_VARIABLE = YES;
				INFOPLIST_FILE = SwiftGit2Tests/Info.plist;
				LD_RUNPATH_SEARCH_PATHS = (
					"$(inherited)",
					"@executable_path/../Frameworks",
					"@loader_path/../Frameworks",
				);
				MACOSX_DEPLOYMENT_TARGET = 11.3;
				MTL_ENABLE_DEBUG_INFO = NO;
				MTL_FAST_MATH = YES;
				PRODUCT_BUNDLE_IDENTIFIER = chekaZuja.SwiftGit2Tests;
				PRODUCT_NAME = "$(TARGET_NAME)";
				PROVISIONING_PROFILE_SPECIFIER = "";
				SDKROOT = macosx;
				SWIFT_COMPILATION_MODE = wholemodule;
				SWIFT_OPTIMIZATION_LEVEL = "-O";
				SWIFT_TREAT_WARNINGS_AS_ERRORS = NO;
				SWIFT_VERSION = 5.0;
			};
			name = Release;
		};
/* End XCBuildConfiguration section */

/* Begin XCConfigurationList section */
		BEB31F1D1A0D6F7A00F525B9 /* Build configuration list for PBXProject "SwiftGit2" */ = {
			isa = XCConfigurationList;
			buildConfigurations = (
				BEB31F371A0D6F7A00F525B9 /* Debug */,
				BEB31F381A0D6F7A00F525B9 /* Release */,
			);
			defaultConfigurationIsVisible = 0;
			defaultConfigurationName = Release;
		};
		BEB31F391A0D6F7A00F525B9 /* Build configuration list for PBXNativeTarget "SwiftGit2-OSX" */ = {
			isa = XCConfigurationList;
			buildConfigurations = (
				BEB31F3A1A0D6F7A00F525B9 /* Debug */,
				BEB31F3B1A0D6F7A00F525B9 /* Release */,
			);
			defaultConfigurationIsVisible = 0;
			defaultConfigurationName = Release;
		};
		E6332DD4265167F0004990E7 /* Build configuration list for PBXNativeTarget "SwiftGit2Tests" */ = {
			isa = XCConfigurationList;
			buildConfigurations = (
				E6332DD5265167F0004990E7 /* Debug */,
				E6332DD6265167F0004990E7 /* Release */,
			);
			defaultConfigurationIsVisible = 0;
			defaultConfigurationName = Release;
		};
/* End XCConfigurationList section */

/* Begin XCRemoteSwiftPackageReference section */
		E60BB75B2930283A006EE309 /* XCRemoteSwiftPackageReference "swift-parsing" */ = {
			isa = XCRemoteSwiftPackageReference;
			repositoryURL = "https://github.com/pointfreeco/swift-parsing.git";
			requirement = {
				kind = exactVersion;
				version = 0.10.0;
			};
		};
		E63AFE4929D63D0200557908 /* XCRemoteSwiftPackageReference "essentials" */ = {
			isa = XCRemoteSwiftPackageReference;
			repositoryURL = "git@gitlab.com:sergiy.vynnychenko/essentials.git";
			requirement = {
				branch = master;
				kind = branch;
			};
		};
		E6FC107427BD94CE002C9CEE /* XCRemoteSwiftPackageReference "swift-collections" */ = {
			isa = XCRemoteSwiftPackageReference;
			repositoryURL = "https://github.com/apple/swift-collections.git";
			requirement = {
				kind = upToNextMajorVersion;
				minimumVersion = 1.0.0;
			};
		};
/* End XCRemoteSwiftPackageReference section */

/* Begin XCSwiftPackageProductDependency section */
		E60BB75C29302A40006EE309 /* Parsing */ = {
			isa = XCSwiftPackageProductDependency;
			package = E60BB75B2930283A006EE309 /* XCRemoteSwiftPackageReference "swift-parsing" */;
			productName = Parsing;
		};
		E63AFE4A29D63D0300557908 /* Essentials */ = {
			isa = XCSwiftPackageProductDependency;
			package = E63AFE4929D63D0200557908 /* XCRemoteSwiftPackageReference "essentials" */;
			productName = Essentials;
		};
		E63AFE4C29D63D0300557908 /* EssentialsTesting */ = {
			isa = XCSwiftPackageProductDependency;
			package = E63AFE4929D63D0200557908 /* XCRemoteSwiftPackageReference "essentials" */;
			productName = EssentialsTesting;
		};
		E67E84D227E53C00009E5B31 /* DequeModule */ = {
			isa = XCSwiftPackageProductDependency;
			package = E6FC107427BD94CE002C9CEE /* XCRemoteSwiftPackageReference "swift-collections" */;
			productName = DequeModule;
		};
		E6FC107527BD94CE002C9CEE /* OrderedCollections */ = {
			isa = XCSwiftPackageProductDependency;
			package = E6FC107427BD94CE002C9CEE /* XCRemoteSwiftPackageReference "swift-collections" */;
			productName = OrderedCollections;
		};
/* End XCSwiftPackageProductDependency section */
	};
	rootObject = BEB31F1A1A0D6F7A00F525B9 /* Project object */;
}
